// !$*UTF8*$!
{
	archiveVersion = 1;
	classes = {
	};
	objectVersion = 50;
	objects = {

/* Begin PBXBuildFile section */
		2723138122BFA7ED0063AAFC /* main.cpp in Sources */ = {isa = PBXBuildFile; fileRef = 2723138022BFA7ED0063AAFC /* main.cpp */; };
		27DE49C722BE49C000326E3C /* main.cpp in Sources */ = {isa = PBXBuildFile; fileRef = 27DE49C622BE49BF00326E3C /* main.cpp */; };
		27DE49D222BE4DD200326E3C /* main.cpp in Sources */ = {isa = PBXBuildFile; fileRef = 27DE49D122BE4DD200326E3C /* main.cpp */; };
		27DE49DD22BF195700326E3C /* main.cpp in Sources */ = {isa = PBXBuildFile; fileRef = 27DE49DC22BF195700326E3C /* main.cpp */; };
		27DE49E822BF421100326E3C /* main.cpp in Sources */ = {isa = PBXBuildFile; fileRef = 27DE49E722BF421100326E3C /* main.cpp */; };
		27DE49F322BF614300326E3C /* main.cpp in Sources */ = {isa = PBXBuildFile; fileRef = 27DE49F222BF614300326E3C /* main.cpp */; };
		27DE49FE22BF6F0000326E3C /* main.cpp in Sources */ = {isa = PBXBuildFile; fileRef = 27DE49FD22BF6F0000326E3C /* main.cpp */; };
		27E7EA2C22BE46AA008229AC /* main.cpp in Sources */ = {isa = PBXBuildFile; fileRef = 27E7EA2B22BE46AA008229AC /* main.cpp */; };
/* End PBXBuildFile section */

/* Begin PBXCopyFilesBuildPhase section */
		2723137C22BFA7ED0063AAFC /* CopyFiles */ = {
			isa = PBXCopyFilesBuildPhase;
			buildActionMask = 2147483647;
			dstPath = /usr/share/man/man1/;
			dstSubfolderSpec = 0;
			files = (
			);
			runOnlyForDeploymentPostprocessing = 1;
		};
		27DE49C222BE49BF00326E3C /* CopyFiles */ = {
			isa = PBXCopyFilesBuildPhase;
			buildActionMask = 2147483647;
			dstPath = /usr/share/man/man1/;
			dstSubfolderSpec = 0;
			files = (
			);
			runOnlyForDeploymentPostprocessing = 1;
		};
		27DE49CD22BE4DD200326E3C /* CopyFiles */ = {
			isa = PBXCopyFilesBuildPhase;
			buildActionMask = 2147483647;
			dstPath = /usr/share/man/man1/;
			dstSubfolderSpec = 0;
			files = (
			);
			runOnlyForDeploymentPostprocessing = 1;
		};
		27DE49D822BF195600326E3C /* CopyFiles */ = {
			isa = PBXCopyFilesBuildPhase;
			buildActionMask = 2147483647;
			dstPath = /usr/share/man/man1/;
			dstSubfolderSpec = 0;
			files = (
			);
			runOnlyForDeploymentPostprocessing = 1;
		};
		27DE49E322BF421100326E3C /* CopyFiles */ = {
			isa = PBXCopyFilesBuildPhase;
			buildActionMask = 2147483647;
			dstPath = /usr/share/man/man1/;
			dstSubfolderSpec = 0;
			files = (
			);
			runOnlyForDeploymentPostprocessing = 1;
		};
		27DE49EE22BF614300326E3C /* CopyFiles */ = {
			isa = PBXCopyFilesBuildPhase;
			buildActionMask = 2147483647;
			dstPath = /usr/share/man/man1/;
			dstSubfolderSpec = 0;
			files = (
			);
			runOnlyForDeploymentPostprocessing = 1;
		};
		27DE49F922BF6F0000326E3C /* CopyFiles */ = {
			isa = PBXCopyFilesBuildPhase;
			buildActionMask = 2147483647;
			dstPath = /usr/share/man/man1/;
			dstSubfolderSpec = 0;
			files = (
			);
			runOnlyForDeploymentPostprocessing = 1;
		};
		27E7EA2622BE46AA008229AC /* CopyFiles */ = {
			isa = PBXCopyFilesBuildPhase;
			buildActionMask = 2147483647;
			dstPath = /usr/share/man/man1/;
			dstSubfolderSpec = 0;
			files = (
			);
			runOnlyForDeploymentPostprocessing = 1;
		};
/* End PBXCopyFilesBuildPhase section */

/* Begin PBXFileReference section */
		2723137E22BFA7ED0063AAFC /* CF304B */ = {isa = PBXFileReference; explicitFileType = "compiled.mach-o.executable"; includeInIndex = 0; path = CF304B; sourceTree = BUILT_PRODUCTS_DIR; };
		2723138022BFA7ED0063AAFC /* main.cpp */ = {isa = PBXFileReference; lastKnownFileType = sourcecode.cpp.cpp; path = main.cpp; sourceTree = "<group>"; };
		27DE49C422BE49BF00326E3C /* P1001 */ = {isa = PBXFileReference; explicitFileType = "compiled.mach-o.executable"; includeInIndex = 0; path = P1001; sourceTree = BUILT_PRODUCTS_DIR; };
		27DE49C622BE49BF00326E3C /* main.cpp */ = {isa = PBXFileReference; lastKnownFileType = sourcecode.cpp.cpp; path = main.cpp; sourceTree = "<group>"; };
		27DE49CF22BE4DD200326E3C /* P1563 */ = {isa = PBXFileReference; explicitFileType = "compiled.mach-o.executable"; includeInIndex = 0; path = P1563; sourceTree = BUILT_PRODUCTS_DIR; };
		27DE49D122BE4DD200326E3C /* main.cpp */ = {isa = PBXFileReference; lastKnownFileType = sourcecode.cpp.cpp; path = main.cpp; sourceTree = "<group>"; };
		27DE49DA22BF195700326E3C /* P1969 */ = {isa = PBXFileReference; explicitFileType = "compiled.mach-o.executable"; includeInIndex = 0; path = P1969; sourceTree = BUILT_PRODUCTS_DIR; };
		27DE49DC22BF195700326E3C /* main.cpp */ = {isa = PBXFileReference; lastKnownFileType = sourcecode.cpp.cpp; path = main.cpp; sourceTree = "<group>"; };
		27DE49E522BF421100326E3C /* P1303 */ = {isa = PBXFileReference; explicitFileType = "compiled.mach-o.executable"; includeInIndex = 0; path = P1303; sourceTree = BUILT_PRODUCTS_DIR; };
		27DE49E722BF421100326E3C /* main.cpp */ = {isa = PBXFileReference; lastKnownFileType = sourcecode.cpp.cpp; path = main.cpp; sourceTree = "<group>"; };
		27DE49F022BF614300326E3C /* P2038 */ = {isa = PBXFileReference; explicitFileType = "compiled.mach-o.executable"; includeInIndex = 0; path = P2038; sourceTree = BUILT_PRODUCTS_DIR; };
		27DE49F222BF614300326E3C /* main.cpp */ = {isa = PBXFileReference; lastKnownFileType = sourcecode.cpp.cpp; path = main.cpp; sourceTree = "<group>"; };
		27DE49FB22BF6F0000326E3C /* P1071 */ = {isa = PBXFileReference; explicitFileType = "compiled.mach-o.executable"; includeInIndex = 0; path = P1071; sourceTree = BUILT_PRODUCTS_DIR; };
		27DE49FD22BF6F0000326E3C /* main.cpp */ = {isa = PBXFileReference; lastKnownFileType = sourcecode.cpp.cpp; path = main.cpp; sourceTree = "<group>"; };
		27DE4A0322BF8E4500326E3C /* .gitignore */ = {isa = PBXFileReference; lastKnownFileType = text; path = .gitignore; sourceTree = "<group>"; };
		27E7EA2822BE46AA008229AC /* Luogu */ = {isa = PBXFileReference; explicitFileType = "compiled.mach-o.executable"; includeInIndex = 0; path = Luogu; sourceTree = BUILT_PRODUCTS_DIR; };
		27E7EA2B22BE46AA008229AC /* main.cpp */ = {isa = PBXFileReference; lastKnownFileType = sourcecode.cpp.cpp; path = main.cpp; sourceTree = "<group>"; };
/* End PBXFileReference section */

/* Begin PBXFrameworksBuildPhase section */
		2723137B22BFA7ED0063AAFC /* Frameworks */ = {
			isa = PBXFrameworksBuildPhase;
			buildActionMask = 2147483647;
			files = (
			);
			runOnlyForDeploymentPostprocessing = 0;
		};
		27DE49C122BE49BF00326E3C /* Frameworks */ = {
			isa = PBXFrameworksBuildPhase;
			buildActionMask = 2147483647;
			files = (
			);
			runOnlyForDeploymentPostprocessing = 0;
		};
		27DE49CC22BE4DD200326E3C /* Frameworks */ = {
			isa = PBXFrameworksBuildPhase;
			buildActionMask = 2147483647;
			files = (
			);
			runOnlyForDeploymentPostprocessing = 0;
		};
		27DE49D722BF195600326E3C /* Frameworks */ = {
			isa = PBXFrameworksBuildPhase;
			buildActionMask = 2147483647;
			files = (
			);
			runOnlyForDeploymentPostprocessing = 0;
		};
		27DE49E222BF421100326E3C /* Frameworks */ = {
			isa = PBXFrameworksBuildPhase;
			buildActionMask = 2147483647;
			files = (
			);
			runOnlyForDeploymentPostprocessing = 0;
		};
		27DE49ED22BF614300326E3C /* Frameworks */ = {
			isa = PBXFrameworksBuildPhase;
			buildActionMask = 2147483647;
			files = (
			);
			runOnlyForDeploymentPostprocessing = 0;
		};
		27DE49F822BF6F0000326E3C /* Frameworks */ = {
			isa = PBXFrameworksBuildPhase;
			buildActionMask = 2147483647;
			files = (
			);
			runOnlyForDeploymentPostprocessing = 0;
		};
		27E7EA2522BE46AA008229AC /* Frameworks */ = {
			isa = PBXFrameworksBuildPhase;
			buildActionMask = 2147483647;
			files = (
			);
			runOnlyForDeploymentPostprocessing = 0;
		};
/* End PBXFrameworksBuildPhase section */

/* Begin PBXGroup section */
		2723137F22BFA7ED0063AAFC /* CF304B */ = {
			isa = PBXGroup;
			children = (
				2723138022BFA7ED0063AAFC /* main.cpp */,
			);
			path = CF304B;
			sourceTree = "<group>";
		};
		27DE49C522BE49BF00326E3C /* P1001 */ = {
			isa = PBXGroup;
			children = (
				27DE49C622BE49BF00326E3C /* main.cpp */,
			);
			path = P1001;
			sourceTree = "<group>";
		};
		27DE49D022BE4DD200326E3C /* P1563 */ = {
			isa = PBXGroup;
			children = (
				27DE49D122BE4DD200326E3C /* main.cpp */,
			);
			path = P1563;
			sourceTree = "<group>";
		};
		27DE49DB22BF195700326E3C /* P1969 */ = {
			isa = PBXGroup;
			children = (
				27DE49DC22BF195700326E3C /* main.cpp */,
			);
			path = P1969;
			sourceTree = "<group>";
		};
		27DE49E622BF421100326E3C /* P1303 */ = {
			isa = PBXGroup;
			children = (
				27DE49E722BF421100326E3C /* main.cpp */,
			);
			path = P1303;
			sourceTree = "<group>";
		};
		27DE49F122BF614300326E3C /* P2038 */ = {
			isa = PBXGroup;
			children = (
				27DE49F222BF614300326E3C /* main.cpp */,
			);
			path = P2038;
			sourceTree = "<group>";
		};
		27DE49FC22BF6F0000326E3C /* P1071 */ = {
			isa = PBXGroup;
			children = (
				27DE49FD22BF6F0000326E3C /* main.cpp */,
			);
			path = P1071;
			sourceTree = "<group>";
		};
		27E7EA1F22BE46AA008229AC = {
			isa = PBXGroup;
			children = (
				27DE4A0322BF8E4500326E3C /* .gitignore */,
				27E7EA2A22BE46AA008229AC /* Luogu */,
				27DE49C522BE49BF00326E3C /* P1001 */,
				27DE49D022BE4DD200326E3C /* P1563 */,
				27DE49DB22BF195700326E3C /* P1969 */,
				27DE49E622BF421100326E3C /* P1303 */,
				27DE49F122BF614300326E3C /* P2038 */,
				27DE49FC22BF6F0000326E3C /* P1071 */,
				2723137F22BFA7ED0063AAFC /* CF304B */,
				27E7EA2922BE46AA008229AC /* Products */,
			);
			sourceTree = "<group>";
		};
		27E7EA2922BE46AA008229AC /* Products */ = {
			isa = PBXGroup;
			children = (
				27E7EA2822BE46AA008229AC /* Luogu */,
				27DE49C422BE49BF00326E3C /* P1001 */,
				27DE49CF22BE4DD200326E3C /* P1563 */,
				27DE49DA22BF195700326E3C /* P1969 */,
				27DE49E522BF421100326E3C /* P1303 */,
				27DE49F022BF614300326E3C /* P2038 */,
				27DE49FB22BF6F0000326E3C /* P1071 */,
				2723137E22BFA7ED0063AAFC /* CF304B */,
			);
			name = Products;
			sourceTree = "<group>";
		};
		27E7EA2A22BE46AA008229AC /* Luogu */ = {
			isa = PBXGroup;
			children = (
				27E7EA2B22BE46AA008229AC /* main.cpp */,
			);
			path = Luogu;
			sourceTree = "<group>";
		};
/* End PBXGroup section */

/* Begin PBXNativeTarget section */
		2723137D22BFA7ED0063AAFC /* CF304B */ = {
			isa = PBXNativeTarget;
			buildConfigurationList = 2723138422BFA7ED0063AAFC /* Build configuration list for PBXNativeTarget "CF304B" */;
			buildPhases = (
				2723137A22BFA7ED0063AAFC /* Sources */,
				2723137B22BFA7ED0063AAFC /* Frameworks */,
				2723137C22BFA7ED0063AAFC /* CopyFiles */,
			);
			buildRules = (
			);
			dependencies = (
			);
			name = CF304B;
			productName = CF304B;
			productReference = 2723137E22BFA7ED0063AAFC /* CF304B */;
			productType = "com.apple.product-type.tool";
		};
		27DE49C322BE49BF00326E3C /* P1001 */ = {
			isa = PBXNativeTarget;
			buildConfigurationList = 27DE49C822BE49C000326E3C /* Build configuration list for PBXNativeTarget "P1001" */;
			buildPhases = (
				27DE49C022BE49BF00326E3C /* Sources */,
				27DE49C122BE49BF00326E3C /* Frameworks */,
				27DE49C222BE49BF00326E3C /* CopyFiles */,
			);
			buildRules = (
			);
			dependencies = (
			);
			name = P1001;
			productName = P1001;
			productReference = 27DE49C422BE49BF00326E3C /* P1001 */;
			productType = "com.apple.product-type.tool";
		};
		27DE49CE22BE4DD200326E3C /* P1563 */ = {
			isa = PBXNativeTarget;
			buildConfigurationList = 27DE49D322BE4DD200326E3C /* Build configuration list for PBXNativeTarget "P1563" */;
			buildPhases = (
				27DE49CB22BE4DD200326E3C /* Sources */,
				27DE49CC22BE4DD200326E3C /* Frameworks */,
				27DE49CD22BE4DD200326E3C /* CopyFiles */,
			);
			buildRules = (
			);
			dependencies = (
			);
			name = P1563;
			productName = P1563;
			productReference = 27DE49CF22BE4DD200326E3C /* P1563 */;
			productType = "com.apple.product-type.tool";
		};
		27DE49D922BF195600326E3C /* P1969 */ = {
			isa = PBXNativeTarget;
			buildConfigurationList = 27DE49DE22BF195700326E3C /* Build configuration list for PBXNativeTarget "P1969" */;
			buildPhases = (
				27DE49D622BF195600326E3C /* Sources */,
				27DE49D722BF195600326E3C /* Frameworks */,
				27DE49D822BF195600326E3C /* CopyFiles */,
			);
			buildRules = (
			);
			dependencies = (
			);
			name = P1969;
			productName = P1969;
			productReference = 27DE49DA22BF195700326E3C /* P1969 */;
			productType = "com.apple.product-type.tool";
		};
		27DE49E422BF421100326E3C /* P1303 */ = {
			isa = PBXNativeTarget;
			buildConfigurationList = 27DE49E922BF421100326E3C /* Build configuration list for PBXNativeTarget "P1303" */;
			buildPhases = (
				27DE49E122BF421100326E3C /* Sources */,
				27DE49E222BF421100326E3C /* Frameworks */,
				27DE49E322BF421100326E3C /* CopyFiles */,
			);
			buildRules = (
			);
			dependencies = (
			);
			name = P1303;
			productName = P1303;
			productReference = 27DE49E522BF421100326E3C /* P1303 */;
			productType = "com.apple.product-type.tool";
		};
		27DE49EF22BF614300326E3C /* P2038 */ = {
			isa = PBXNativeTarget;
			buildConfigurationList = 27DE49F422BF614300326E3C /* Build configuration list for PBXNativeTarget "P2038" */;
			buildPhases = (
				27DE49EC22BF614300326E3C /* Sources */,
				27DE49ED22BF614300326E3C /* Frameworks */,
				27DE49EE22BF614300326E3C /* CopyFiles */,
			);
			buildRules = (
			);
			dependencies = (
			);
			name = P2038;
			productName = P2038;
			productReference = 27DE49F022BF614300326E3C /* P2038 */;
			productType = "com.apple.product-type.tool";
		};
		27DE49FA22BF6F0000326E3C /* P1071 */ = {
			isa = PBXNativeTarget;
			buildConfigurationList = 27DE49FF22BF6F0000326E3C /* Build configuration list for PBXNativeTarget "P1071" */;
			buildPhases = (
				27DE49F722BF6F0000326E3C /* Sources */,
				27DE49F822BF6F0000326E3C /* Frameworks */,
				27DE49F922BF6F0000326E3C /* CopyFiles */,
			);
			buildRules = (
			);
			dependencies = (
			);
			name = P1071;
			productName = P1071;
			productReference = 27DE49FB22BF6F0000326E3C /* P1071 */;
			productType = "com.apple.product-type.tool";
		};
		27E7EA2722BE46AA008229AC /* Luogu */ = {
			isa = PBXNativeTarget;
			buildConfigurationList = 27E7EA2F22BE46AA008229AC /* Build configuration list for PBXNativeTarget "Luogu" */;
			buildPhases = (
				27E7EA2422BE46AA008229AC /* Sources */,
				27E7EA2522BE46AA008229AC /* Frameworks */,
				27E7EA2622BE46AA008229AC /* CopyFiles */,
			);
			buildRules = (
			);
			dependencies = (
			);
			name = Luogu;
			productName = Luogu;
			productReference = 27E7EA2822BE46AA008229AC /* Luogu */;
			productType = "com.apple.product-type.tool";
		};
/* End PBXNativeTarget section */

/* Begin PBXProject section */
		27E7EA2022BE46AA008229AC /* Project object */ = {
			isa = PBXProject;
			attributes = {
				LastUpgradeCheck = 1020;
				ORGANIZATIONNAME = "Kanger He";
				TargetAttributes = {
					2723137D22BFA7ED0063AAFC = {
						CreatedOnToolsVersion = 10.2.1;
					};
					27DE49C322BE49BF00326E3C = {
						CreatedOnToolsVersion = 10.2.1;
					};
					27DE49CE22BE4DD200326E3C = {
						CreatedOnToolsVersion = 10.2.1;
					};
					27DE49D922BF195600326E3C = {
						CreatedOnToolsVersion = 10.2.1;
					};
					27DE49E422BF421100326E3C = {
						CreatedOnToolsVersion = 10.2.1;
					};
					27DE49EF22BF614300326E3C = {
						CreatedOnToolsVersion = 10.2.1;
					};
					27DE49FA22BF6F0000326E3C = {
						CreatedOnToolsVersion = 10.2.1;
					};
					27E7EA2722BE46AA008229AC = {
						CreatedOnToolsVersion = 10.2.1;
					};
				};
			};
			buildConfigurationList = 27E7EA2322BE46AA008229AC /* Build configuration list for PBXProject "Luogu" */;
			compatibilityVersion = "Xcode 9.3";
			developmentRegion = en;
			hasScannedForEncodings = 0;
			knownRegions = (
				en,
			);
			mainGroup = 27E7EA1F22BE46AA008229AC;
			productRefGroup = 27E7EA2922BE46AA008229AC /* Products */;
			projectDirPath = "";
			projectRoot = "";
			targets = (
				27E7EA2722BE46AA008229AC /* Luogu */,
				27DE49C322BE49BF00326E3C /* P1001 */,
				27DE49CE22BE4DD200326E3C /* P1563 */,
				27DE49D922BF195600326E3C /* P1969 */,
				27DE49E422BF421100326E3C /* P1303 */,
				27DE49EF22BF614300326E3C /* P2038 */,
				27DE49FA22BF6F0000326E3C /* P1071 */,
				2723137D22BFA7ED0063AAFC /* CF304B */,
			);
		};
/* End PBXProject section */

/* Begin PBXSourcesBuildPhase section */
		2723137A22BFA7ED0063AAFC /* Sources */ = {
			isa = PBXSourcesBuildPhase;
			buildActionMask = 2147483647;
			files = (
				2723138122BFA7ED0063AAFC /* main.cpp in Sources */,
			);
			runOnlyForDeploymentPostprocessing = 0;
		};
		27DE49C022BE49BF00326E3C /* Sources */ = {
			isa = PBXSourcesBuildPhase;
			buildActionMask = 2147483647;
			files = (
				27DE49C722BE49C000326E3C /* main.cpp in Sources */,
			);
			runOnlyForDeploymentPostprocessing = 0;
		};
		27DE49CB22BE4DD200326E3C /* Sources */ = {
			isa = PBXSourcesBuildPhase;
			buildActionMask = 2147483647;
			files = (
				27DE49D222BE4DD200326E3C /* main.cpp in Sources */,
			);
			runOnlyForDeploymentPostprocessing = 0;
		};
		27DE49D622BF195600326E3C /* Sources */ = {
			isa = PBXSourcesBuildPhase;
			buildActionMask = 2147483647;
			files = (
				27DE49DD22BF195700326E3C /* main.cpp in Sources */,
			);
			runOnlyForDeploymentPostprocessing = 0;
		};
		27DE49E122BF421100326E3C /* Sources */ = {
			isa = PBXSourcesBuildPhase;
			buildActionMask = 2147483647;
			files = (
				27DE49E822BF421100326E3C /* main.cpp in Sources */,
			);
			runOnlyForDeploymentPostprocessing = 0;
		};
		27DE49EC22BF614300326E3C /* Sources */ = {
			isa = PBXSourcesBuildPhase;
			buildActionMask = 2147483647;
			files = (
				27DE49F322BF614300326E3C /* main.cpp in Sources */,
			);
			runOnlyForDeploymentPostprocessing = 0;
		};
		27DE49F722BF6F0000326E3C /* Sources */ = {
			isa = PBXSourcesBuildPhase;
			buildActionMask = 2147483647;
			files = (
				27DE49FE22BF6F0000326E3C /* main.cpp in Sources */,
			);
			runOnlyForDeploymentPostprocessing = 0;
		};
		27E7EA2422BE46AA008229AC /* Sources */ = {
			isa = PBXSourcesBuildPhase;
			buildActionMask = 2147483647;
			files = (
				27E7EA2C22BE46AA008229AC /* main.cpp in Sources */,
			);
			runOnlyForDeploymentPostprocessing = 0;
		};
/* End PBXSourcesBuildPhase section */

/* Begin XCBuildConfiguration section */
		2723138222BFA7ED0063AAFC /* Debug */ = {
			isa = XCBuildConfiguration;
			buildSettings = {
				CODE_SIGN_STYLE = Automatic;
				PRODUCT_NAME = "$(TARGET_NAME)";
			};
			name = Debug;
		};
		2723138322BFA7ED0063AAFC /* Release */ = {
			isa = XCBuildConfiguration;
			buildSettings = {
				CODE_SIGN_STYLE = Automatic;
				PRODUCT_NAME = "$(TARGET_NAME)";
			};
			name = Release;
		};
		27DE49C922BE49C000326E3C /* Debug */ = {
			isa = XCBuildConfiguration;
			buildSettings = {
				CODE_SIGN_STYLE = Automatic;
				PRODUCT_NAME = "$(TARGET_NAME)";
			};
			name = Debug;
		};
		27DE49CA22BE49C000326E3C /* Release */ = {
			isa = XCBuildConfiguration;
			buildSettings = {
				CODE_SIGN_STYLE = Automatic;
				PRODUCT_NAME = "$(TARGET_NAME)";
			};
			name = Release;
		};
		27DE49D422BE4DD200326E3C /* Debug */ = {
			isa = XCBuildConfiguration;
			buildSettings = {
				CODE_SIGN_STYLE = Automatic;
				PRODUCT_NAME = "$(TARGET_NAME)";
			};
			name = Debug;
		};
		27DE49D522BE4DD200326E3C /* Release */ = {
			isa = XCBuildConfiguration;
			buildSettings = {
				CODE_SIGN_STYLE = Automatic;
				PRODUCT_NAME = "$(TARGET_NAME)";
			};
			name = Release;
		};
		27DE49DF22BF195700326E3C /* Debug */ = {
			isa = XCBuildConfiguration;
			buildSettings = {
				CODE_SIGN_STYLE = Automatic;
				PRODUCT_NAME = "$(TARGET_NAME)";
			};
			name = Debug;
		};
		27DE49E022BF195700326E3C /* Release */ = {
			isa = XCBuildConfiguration;
			buildSettings = {
				CODE_SIGN_STYLE = Automatic;
				PRODUCT_NAME = "$(TARGET_NAME)";
			};
			name = Release;
		};
		27DE49EA22BF421100326E3C /* Debug */ = {
			isa = XCBuildConfiguration;
			buildSettings = {
				CODE_SIGN_STYLE = Automatic;
				PRODUCT_NAME = "$(TARGET_NAME)";
			};
			name = Debug;
		};
		27DE49EB22BF421100326E3C /* Release */ = {
			isa = XCBuildConfiguration;
			buildSettings = {
				CODE_SIGN_STYLE = Automatic;
				PRODUCT_NAME = "$(TARGET_NAME)";
			};
			name = Release;
		};
		27DE49F522BF614300326E3C /* Debug */ = {
			isa = XCBuildConfiguration;
			buildSettings = {
				CODE_SIGN_STYLE = Automatic;
				PRODUCT_NAME = "$(TARGET_NAME)";
			};
			name = Debug;
		};
		27DE49F622BF614300326E3C /* Release */ = {
			isa = XCBuildConfiguration;
			buildSettings = {
				CODE_SIGN_STYLE = Automatic;
				PRODUCT_NAME = "$(TARGET_NAME)";
			};
			name = Release;
		};
		27DE4A0022BF6F0000326E3C /* Debug */ = {
			isa = XCBuildConfiguration;
			buildSettings = {
				CODE_SIGN_STYLE = Automatic;
				PRODUCT_NAME = "$(TARGET_NAME)";
			};
			name = Debug;
		};
		27DE4A0122BF6F0000326E3C /* Release */ = {
			isa = XCBuildConfiguration;
			buildSettings = {
				CODE_SIGN_STYLE = Automatic;
				PRODUCT_NAME = "$(TARGET_NAME)";
			};
			name = Release;
		};
		27E7EA2D22BE46AA008229AC /* Debug */ = {
			isa = XCBuildConfiguration;
			buildSettings = {
				ALWAYS_SEARCH_USER_PATHS = NO;
				CLANG_ANALYZER_NONNULL = YES;
				CLANG_ANALYZER_NUMBER_OBJECT_CONVERSION = YES_AGGRESSIVE;
				CLANG_CXX_LANGUAGE_STANDARD = "gnu++14";
				CLANG_CXX_LIBRARY = "libc++";
				CLANG_ENABLE_MODULES = YES;
				CLANG_ENABLE_OBJC_ARC = YES;
				CLANG_ENABLE_OBJC_WEAK = YES;
				CLANG_WARN_BLOCK_CAPTURE_AUTORELEASING = YES;
				CLANG_WARN_BOOL_CONVERSION = YES;
				CLANG_WARN_COMMA = YES;
				CLANG_WARN_CONSTANT_CONVERSION = YES;
				CLANG_WARN_DEPRECATED_OBJC_IMPLEMENTATIONS = YES;
				CLANG_WARN_DIRECT_OBJC_ISA_USAGE = YES_ERROR;
				CLANG_WARN_DOCUMENTATION_COMMENTS = YES;
				CLANG_WARN_EMPTY_BODY = YES;
				CLANG_WARN_ENUM_CONVERSION = YES;
				CLANG_WARN_INFINITE_RECURSION = YES;
				CLANG_WARN_INT_CONVERSION = YES;
				CLANG_WARN_NON_LITERAL_NULL_CONVERSION = YES;
				CLANG_WARN_OBJC_IMPLICIT_RETAIN_SELF = YES;
				CLANG_WARN_OBJC_LITERAL_CONVERSION = YES;
				CLANG_WARN_OBJC_ROOT_CLASS = YES_ERROR;
				CLANG_WARN_RANGE_LOOP_ANALYSIS = YES;
				CLANG_WARN_STRICT_PROTOTYPES = YES;
				CLANG_WARN_SUSPICIOUS_MOVE = YES;
				CLANG_WARN_UNGUARDED_AVAILABILITY = YES_AGGRESSIVE;
				CLANG_WARN_UNREACHABLE_CODE = YES;
				CLANG_WARN__DUPLICATE_METHOD_MATCH = YES;
				CODE_SIGN_IDENTITY = "-";
				COPY_PHASE_STRIP = NO;
				DEBUG_INFORMATION_FORMAT = dwarf;
				ENABLE_STRICT_OBJC_MSGSEND = YES;
				ENABLE_TESTABILITY = YES;
				GCC_C_LANGUAGE_STANDARD = gnu11;
				GCC_DYNAMIC_NO_PIC = NO;
				GCC_NO_COMMON_BLOCKS = YES;
				GCC_OPTIMIZATION_LEVEL = 0;
				GCC_PREPROCESSOR_DEFINITIONS = (
					"DEBUG=1",
					"$(inherited)",
				);
				GCC_WARN_64_TO_32_BIT_CONVERSION = YES;
				GCC_WARN_ABOUT_RETURN_TYPE = YES_ERROR;
				GCC_WARN_UNDECLARED_SELECTOR = YES;
				GCC_WARN_UNINITIALIZED_AUTOS = YES_AGGRESSIVE;
				GCC_WARN_UNUSED_FUNCTION = YES;
				GCC_WARN_UNUSED_VARIABLE = YES;
				MACOSX_DEPLOYMENT_TARGET = 10.14;
				MTL_ENABLE_DEBUG_INFO = INCLUDE_SOURCE;
				MTL_FAST_MATH = YES;
				ONLY_ACTIVE_ARCH = YES;
				SDKROOT = macosx;
			};
			name = Debug;
		};
		27E7EA2E22BE46AA008229AC /* Release */ = {
			isa = XCBuildConfiguration;
			buildSettings = {
				ALWAYS_SEARCH_USER_PATHS = NO;
				CLANG_ANALYZER_NONNULL = YES;
				CLANG_ANALYZER_NUMBER_OBJECT_CONVERSION = YES_AGGRESSIVE;
				CLANG_CXX_LANGUAGE_STANDARD = "gnu++14";
				CLANG_CXX_LIBRARY = "libc++";
				CLANG_ENABLE_MODULES = YES;
				CLANG_ENABLE_OBJC_ARC = YES;
				CLANG_ENABLE_OBJC_WEAK = YES;
				CLANG_WARN_BLOCK_CAPTURE_AUTORELEASING = YES;
				CLANG_WARN_BOOL_CONVERSION = YES;
				CLANG_WARN_COMMA = YES;
				CLANG_WARN_CONSTANT_CONVERSION = YES;
				CLANG_WARN_DEPRECATED_OBJC_IMPLEMENTATIONS = YES;
				CLANG_WARN_DIRECT_OBJC_ISA_USAGE = YES_ERROR;
				CLANG_WARN_DOCUMENTATION_COMMENTS = YES;
				CLANG_WARN_EMPTY_BODY = YES;
				CLANG_WARN_ENUM_CONVERSION = YES;
				CLANG_WARN_INFINITE_RECURSION = YES;
				CLANG_WARN_INT_CONVERSION = YES;
				CLANG_WARN_NON_LITERAL_NULL_CONVERSION = YES;
				CLANG_WARN_OBJC_IMPLICIT_RETAIN_SELF = YES;
				CLANG_WARN_OBJC_LITERAL_CONVERSION = YES;
				CLANG_WARN_OBJC_ROOT_CLASS = YES_ERROR;
				CLANG_WARN_RANGE_LOOP_ANALYSIS = YES;
				CLANG_WARN_STRICT_PROTOTYPES = YES;
				CLANG_WARN_SUSPICIOUS_MOVE = YES;
				CLANG_WARN_UNGUARDED_AVAILABILITY = YES_AGGRESSIVE;
				CLANG_WARN_UNREACHABLE_CODE = YES;
				CLANG_WARN__DUPLICATE_METHOD_MATCH = YES;
				CODE_SIGN_IDENTITY = "-";
				COPY_PHASE_STRIP = NO;
				DEBUG_INFORMATION_FORMAT = "dwarf-with-dsym";
				ENABLE_NS_ASSERTIONS = NO;
				ENABLE_STRICT_OBJC_MSGSEND = YES;
				GCC_C_LANGUAGE_STANDARD = gnu11;
				GCC_NO_COMMON_BLOCKS = YES;
				GCC_WARN_64_TO_32_BIT_CONVERSION = YES;
				GCC_WARN_ABOUT_RETURN_TYPE = YES_ERROR;
				GCC_WARN_UNDECLARED_SELECTOR = YES;
				GCC_WARN_UNINITIALIZED_AUTOS = YES_AGGRESSIVE;
				GCC_WARN_UNUSED_FUNCTION = YES;
				GCC_WARN_UNUSED_VARIABLE = YES;
				MACOSX_DEPLOYMENT_TARGET = 10.14;
				MTL_ENABLE_DEBUG_INFO = NO;
				MTL_FAST_MATH = YES;
				SDKROOT = macosx;
			};
			name = Release;
		};
		27E7EA3022BE46AA008229AC /* Debug */ = {
			isa = XCBuildConfiguration;
			buildSettings = {
				CODE_SIGN_STYLE = Automatic;
				PRODUCT_NAME = "$(TARGET_NAME)";
			};
			name = Debug;
		};
		27E7EA3122BE46AA008229AC /* Release */ = {
			isa = XCBuildConfiguration;
			buildSettings = {
				CODE_SIGN_STYLE = Automatic;
				PRODUCT_NAME = "$(TARGET_NAME)";
			};
			name = Release;
		};
/* End XCBuildConfiguration section */

/* Begin XCConfigurationList section */
		2723138422BFA7ED0063AAFC /* Build configuration list for PBXNativeTarget "CF304B" */ = {
			isa = XCConfigurationList;
			buildConfigurations = (
				2723138222BFA7ED0063AAFC /* Debug */,
				2723138322BFA7ED0063AAFC /* Release */,
			);
			defaultConfigurationIsVisible = 0;
			defaultConfigurationName = Release;
		};
		27DE49C822BE49C000326E3C /* Build configuration list for PBXNativeTarget "P1001" */ = {
			isa = XCConfigurationList;
			buildConfigurations = (
				27DE49C922BE49C000326E3C /* Debug */,
				27DE49CA22BE49C000326E3C /* Release */,
			);
			defaultConfigurationIsVisible = 0;
			defaultConfigurationName = Release;
		};
		27DE49D322BE4DD200326E3C /* Build configuration list for PBXNativeTarget "P1563" */ = {
			isa = XCConfigurationList;
			buildConfigurations = (
				27DE49D422BE4DD200326E3C /* Debug */,
				27DE49D522BE4DD200326E3C /* Release */,
			);
			defaultConfigurationIsVisible = 0;
			defaultConfigurationName = Release;
		};
		27DE49DE22BF195700326E3C /* Build configuration list for PBXNativeTarget "P1969" */ = {
			isa = XCConfigurationList;
			buildConfigurations = (
				27DE49DF22BF195700326E3C /* Debug */,
				27DE49E022BF195700326E3C /* Release */,
			);
			defaultConfigurationIsVisible = 0;
			defaultConfigurationName = Release;
		};
		27DE49E922BF421100326E3C /* Build configuration list for PBXNativeTarget "P1303" */ = {
			isa = XCConfigurationList;
			buildConfigurations = (
				27DE49EA22BF421100326E3C /* Debug */,
				27DE49EB22BF421100326E3C /* Release */,
			);
			defaultConfigurationIsVisible = 0;
			defaultConfigurationName = Release;
		};
		27DE49F422BF614300326E3C /* Build configuration list for PBXNativeTarget "P2038" */ = {
			isa = XCConfigurationList;
			buildConfigurations = (
				27DE49F522BF614300326E3C /* Debug */,
				27DE49F622BF614300326E3C /* Release */,
			);
			defaultConfigurationIsVisible = 0;
			defaultConfigurationName = Release;
		};
		27DE49FF22BF6F0000326E3C /* Build configuration list for PBXNativeTarget "P1071" */ = {
			isa = XCConfigurationList;
			buildConfigurations = (
				27DE4A0022BF6F0000326E3C /* Debug */,
				27DE4A0122BF6F0000326E3C /* Release */,
			);
			defaultConfigurationIsVisible = 0;
			defaultConfigurationName = Release;
		};
		27E7EA2322BE46AA008229AC /* Build configuration list for PBXProject "Luogu" */ = {
			isa = XCConfigurationList;
			buildConfigurations = (
				27E7EA2D22BE46AA008229AC /* Debug */,
				27E7EA2E22BE46AA008229AC /* Release */,
			);
			defaultConfigurationIsVisible = 0;
			defaultConfigurationName = Release;
		};
		27E7EA2F22BE46AA008229AC /* Build configuration list for PBXNativeTarget "Luogu" */ = {
			isa = XCConfigurationList;
			buildConfigurations = (
				27E7EA3022BE46AA008229AC /* Debug */,
				27E7EA3122BE46AA008229AC /* Release */,
			);
			defaultConfigurationIsVisible = 0;
			defaultConfigurationName = Release;
		};
/* End XCConfigurationList section */
	};
	rootObject = 27E7EA2022BE46AA008229AC /* Project object */;
}
