// !$*UTF8*$!
{
	archiveVersion = 1;
	classes = {
	};
	objectVersion = 50;
	objects = {

/* Begin PBXBuildFile section */
		2723138122BFA7ED0063AAFC /* main.cpp in Sources */ = {isa = PBXBuildFile; fileRef = 2723138022BFA7ED0063AAFC /* main.cpp */; };
		2744677222BFBCD80015CC79 /* main.cpp in Sources */ = {isa = PBXBuildFile; fileRef = 2744677122BFBCD80015CC79 /* main.cpp */; };
		27AF497622C08BEF00D99FE4 /* main.cpp in Sources */ = {isa = PBXBuildFile; fileRef = 27AF497522C08BEF00D99FE4 /* main.cpp */; };
		27AF498122C0909E00D99FE4 /* main.cpp in Sources */ = {isa = PBXBuildFile; fileRef = 27AF498022C0909E00D99FE4 /* main.cpp */; };
		27AF498C22C0959600D99FE4 /* main.cpp in Sources */ = {isa = PBXBuildFile; fileRef = 27AF498B22C0959600D99FE4 /* main.cpp */; };
		27AF499722C09BBB00D99FE4 /* main.cpp in Sources */ = {isa = PBXBuildFile; fileRef = 27AF499622C09BBB00D99FE4 /* main.cpp */; };
		27AF49A222C0A42900D99FE4 /* main.cpp in Sources */ = {isa = PBXBuildFile; fileRef = 27AF49A122C0A42900D99FE4 /* main.cpp */; };
		27D8AB3E22C074F500FB2C8E /* main.cpp in Sources */ = {isa = PBXBuildFile; fileRef = 27D8AB3D22C074F500FB2C8E /* main.cpp */; };
		27DE49C722BE49C000326E3C /* main.cpp in Sources */ = {isa = PBXBuildFile; fileRef = 27DE49C622BE49BF00326E3C /* main.cpp */; };
		27DE49D222BE4DD200326E3C /* main.cpp in Sources */ = {isa = PBXBuildFile; fileRef = 27DE49D122BE4DD200326E3C /* main.cpp */; };
		27DE49DD22BF195700326E3C /* main.cpp in Sources */ = {isa = PBXBuildFile; fileRef = 27DE49DC22BF195700326E3C /* main.cpp */; };
		27DE49E822BF421100326E3C /* main.cpp in Sources */ = {isa = PBXBuildFile; fileRef = 27DE49E722BF421100326E3C /* main.cpp */; };
		27DE49F322BF614300326E3C /* main.cpp in Sources */ = {isa = PBXBuildFile; fileRef = 27DE49F222BF614300326E3C /* main.cpp */; };
		27DE49FE22BF6F0000326E3C /* main.cpp in Sources */ = {isa = PBXBuildFile; fileRef = 27DE49FD22BF6F0000326E3C /* main.cpp */; };
		27E7EA2C22BE46AA008229AC /* main.cpp in Sources */ = {isa = PBXBuildFile; fileRef = 27E7EA2B22BE46AA008229AC /* main.cpp */; };
/* End PBXBuildFile section */

/* Begin PBXCopyFilesBuildPhase section */
		2723137C22BFA7ED0063AAFC /* CopyFiles */ = {
			isa = PBXCopyFilesBuildPhase;
			buildActionMask = 2147483647;
			dstPath = /usr/share/man/man1/;
			dstSubfolderSpec = 0;
			files = (
			);
			runOnlyForDeploymentPostprocessing = 1;
		};
		2744676D22BFBCD80015CC79 /* CopyFiles */ = {
			isa = PBXCopyFilesBuildPhase;
			buildActionMask = 2147483647;
			dstPath = /usr/share/man/man1/;
			dstSubfolderSpec = 0;
			files = (
			);
			runOnlyForDeploymentPostprocessing = 1;
		};
		2744677822C070F80015CC79 /* CopyFiles */ = {
			isa = PBXCopyFilesBuildPhase;
			buildActionMask = 2147483647;
			dstPath = /usr/share/man/man1/;
			dstSubfolderSpec = 0;
			files = (
			);
			runOnlyForDeploymentPostprocessing = 1;
		};
		27AF497122C08BEF00D99FE4 /* CopyFiles */ = {
			isa = PBXCopyFilesBuildPhase;
			buildActionMask = 2147483647;
			dstPath = /usr/share/man/man1/;
			dstSubfolderSpec = 0;
			files = (
			);
			runOnlyForDeploymentPostprocessing = 1;
		};
		27AF497C22C0909E00D99FE4 /* CopyFiles */ = {
			isa = PBXCopyFilesBuildPhase;
			buildActionMask = 2147483647;
			dstPath = /usr/share/man/man1/;
			dstSubfolderSpec = 0;
			files = (
			);
			runOnlyForDeploymentPostprocessing = 1;
		};
		27AF498722C0959600D99FE4 /* CopyFiles */ = {
			isa = PBXCopyFilesBuildPhase;
			buildActionMask = 2147483647;
			dstPath = /usr/share/man/man1/;
			dstSubfolderSpec = 0;
			files = (
			);
			runOnlyForDeploymentPostprocessing = 1;
		};
		27AF499222C09BBB00D99FE4 /* CopyFiles */ = {
			isa = PBXCopyFilesBuildPhase;
			buildActionMask = 2147483647;
			dstPath = /usr/share/man/man1/;
			dstSubfolderSpec = 0;
			files = (
			);
			runOnlyForDeploymentPostprocessing = 1;
		};
		27AF499D22C0A42900D99FE4 /* CopyFiles */ = {
			isa = PBXCopyFilesBuildPhase;
			buildActionMask = 2147483647;
			dstPath = /usr/share/man/man1/;
			dstSubfolderSpec = 0;
			files = (
			);
			runOnlyForDeploymentPostprocessing = 1;
		};
		27D8AB3922C074F500FB2C8E /* CopyFiles */ = {
			isa = PBXCopyFilesBuildPhase;
			buildActionMask = 2147483647;
			dstPath = /usr/share/man/man1/;
			dstSubfolderSpec = 0;
			files = (
			);
			runOnlyForDeploymentPostprocessing = 1;
		};
		27DE49C222BE49BF00326E3C /* CopyFiles */ = {
			isa = PBXCopyFilesBuildPhase;
			buildActionMask = 2147483647;
			dstPath = /usr/share/man/man1/;
			dstSubfolderSpec = 0;
			files = (
			);
			runOnlyForDeploymentPostprocessing = 1;
		};
		27DE49CD22BE4DD200326E3C /* CopyFiles */ = {
			isa = PBXCopyFilesBuildPhase;
			buildActionMask = 2147483647;
			dstPath = /usr/share/man/man1/;
			dstSubfolderSpec = 0;
			files = (
			);
			runOnlyForDeploymentPostprocessing = 1;
		};
		27DE49D822BF195600326E3C /* CopyFiles */ = {
			isa = PBXCopyFilesBuildPhase;
			buildActionMask = 2147483647;
			dstPath = /usr/share/man/man1/;
			dstSubfolderSpec = 0;
			files = (
			);
			runOnlyForDeploymentPostprocessing = 1;
		};
		27DE49E322BF421100326E3C /* CopyFiles */ = {
			isa = PBXCopyFilesBuildPhase;
			buildActionMask = 2147483647;
			dstPath = /usr/share/man/man1/;
			dstSubfolderSpec = 0;
			files = (
			);
			runOnlyForDeploymentPostprocessing = 1;
		};
		27DE49EE22BF614300326E3C /* CopyFiles */ = {
			isa = PBXCopyFilesBuildPhase;
			buildActionMask = 2147483647;
			dstPath = /usr/share/man/man1/;
			dstSubfolderSpec = 0;
			files = (
			);
			runOnlyForDeploymentPostprocessing = 1;
		};
		27DE49F922BF6F0000326E3C /* CopyFiles */ = {
			isa = PBXCopyFilesBuildPhase;
			buildActionMask = 2147483647;
			dstPath = /usr/share/man/man1/;
			dstSubfolderSpec = 0;
			files = (
			);
			runOnlyForDeploymentPostprocessing = 1;
		};
		27E7EA2622BE46AA008229AC /* CopyFiles */ = {
			isa = PBXCopyFilesBuildPhase;
			buildActionMask = 2147483647;
			dstPath = /usr/share/man/man1/;
			dstSubfolderSpec = 0;
			files = (
			);
			runOnlyForDeploymentPostprocessing = 1;
		};
/* End PBXCopyFilesBuildPhase section */

/* Begin PBXFileReference section */
		2723137E22BFA7ED0063AAFC /* CF304B */ = {isa = PBXFileReference; explicitFileType = "compiled.mach-o.executable"; includeInIndex = 0; path = CF304B; sourceTree = BUILT_PRODUCTS_DIR; };
		2723138022BFA7ED0063AAFC /* main.cpp */ = {isa = PBXFileReference; lastKnownFileType = sourcecode.cpp.cpp; path = main.cpp; sourceTree = "<group>"; };
		2744676F22BFBCD80015CC79 /* P1313 */ = {isa = PBXFileReference; explicitFileType = "compiled.mach-o.executable"; includeInIndex = 0; path = P1313; sourceTree = BUILT_PRODUCTS_DIR; };
		2744677122BFBCD80015CC79 /* main.cpp */ = {isa = PBXFileReference; lastKnownFileType = sourcecode.cpp.cpp; path = main.cpp; sourceTree = "<group>"; };
		2744677A22C070F80015CC79 /* P2678 */ = {isa = PBXFileReference; explicitFileType = "compiled.mach-o.executable"; includeInIndex = 0; path = P2678; sourceTree = BUILT_PRODUCTS_DIR; };
		27AF497322C08BEF00D99FE4 /* P3817 */ = {isa = PBXFileReference; explicitFileType = "compiled.mach-o.executable"; includeInIndex = 0; path = P3817; sourceTree = BUILT_PRODUCTS_DIR; };
		27AF497522C08BEF00D99FE4 /* main.cpp */ = {isa = PBXFileReference; lastKnownFileType = sourcecode.cpp.cpp; path = main.cpp; sourceTree = "<group>"; };
		27AF497E22C0909E00D99FE4 /* P1416 */ = {isa = PBXFileReference; explicitFileType = "compiled.mach-o.executable"; includeInIndex = 0; path = P1416; sourceTree = BUILT_PRODUCTS_DIR; };
		27AF498022C0909E00D99FE4 /* main.cpp */ = {isa = PBXFileReference; lastKnownFileType = sourcecode.cpp.cpp; path = main.cpp; sourceTree = "<group>"; };
		27AF498922C0959600D99FE4 /* P3371 */ = {isa = PBXFileReference; explicitFileType = "compiled.mach-o.executable"; includeInIndex = 0; path = P3371; sourceTree = BUILT_PRODUCTS_DIR; };
		27AF498B22C0959600D99FE4 /* main.cpp */ = {isa = PBXFileReference; lastKnownFileType = sourcecode.cpp.cpp; path = main.cpp; sourceTree = "<group>"; };
		27AF499422C09BBB00D99FE4 /* P4779 */ = {isa = PBXFileReference; explicitFileType = "compiled.mach-o.executable"; includeInIndex = 0; path = P4779; sourceTree = BUILT_PRODUCTS_DIR; };
		27AF499622C09BBB00D99FE4 /* main.cpp */ = {isa = PBXFileReference; lastKnownFileType = sourcecode.cpp.cpp; path = main.cpp; sourceTree = "<group>"; };
		27AF499F22C0A42900D99FE4 /* P2910 */ = {isa = PBXFileReference; explicitFileType = "compiled.mach-o.executable"; includeInIndex = 0; path = P2910; sourceTree = BUILT_PRODUCTS_DIR; };
		27AF49A122C0A42900D99FE4 /* main.cpp */ = {isa = PBXFileReference; lastKnownFileType = sourcecode.cpp.cpp; path = main.cpp; sourceTree = "<group>"; };
		27D8AB3B22C074F500FB2C8E /* P1577 */ = {isa = PBXFileReference; explicitFileType = "compiled.mach-o.executable"; includeInIndex = 0; path = P1577; sourceTree = BUILT_PRODUCTS_DIR; };
		27D8AB3D22C074F500FB2C8E /* main.cpp */ = {isa = PBXFileReference; lastKnownFileType = sourcecode.cpp.cpp; path = main.cpp; sourceTree = "<group>"; };
		27DE49C422BE49BF00326E3C /* P1001 */ = {isa = PBXFileReference; explicitFileType = "compiled.mach-o.executable"; includeInIndex = 0; path = P1001; sourceTree = BUILT_PRODUCTS_DIR; };
		27DE49C622BE49BF00326E3C /* main.cpp */ = {isa = PBXFileReference; lastKnownFileType = sourcecode.cpp.cpp; path = main.cpp; sourceTree = "<group>"; };
		27DE49CF22BE4DD200326E3C /* P1563 */ = {isa = PBXFileReference; explicitFileType = "compiled.mach-o.executable"; includeInIndex = 0; path = P1563; sourceTree = BUILT_PRODUCTS_DIR; };
		27DE49D122BE4DD200326E3C /* main.cpp */ = {isa = PBXFileReference; lastKnownFileType = sourcecode.cpp.cpp; path = main.cpp; sourceTree = "<group>"; };
		27DE49DA22BF195700326E3C /* P1969 */ = {isa = PBXFileReference; explicitFileType = "compiled.mach-o.executable"; includeInIndex = 0; path = P1969; sourceTree = BUILT_PRODUCTS_DIR; };
		27DE49DC22BF195700326E3C /* main.cpp */ = {isa = PBXFileReference; lastKnownFileType = sourcecode.cpp.cpp; path = main.cpp; sourceTree = "<group>"; };
		27DE49E522BF421100326E3C /* P1303 */ = {isa = PBXFileReference; explicitFileType = "compiled.mach-o.executable"; includeInIndex = 0; path = P1303; sourceTree = BUILT_PRODUCTS_DIR; };
		27DE49E722BF421100326E3C /* main.cpp */ = {isa = PBXFileReference; lastKnownFileType = sourcecode.cpp.cpp; path = main.cpp; sourceTree = "<group>"; };
		27DE49F022BF614300326E3C /* P2038 */ = {isa = PBXFileReference; explicitFileType = "compiled.mach-o.executable"; includeInIndex = 0; path = P2038; sourceTree = BUILT_PRODUCTS_DIR; };
		27DE49F222BF614300326E3C /* main.cpp */ = {isa = PBXFileReference; lastKnownFileType = sourcecode.cpp.cpp; path = main.cpp; sourceTree = "<group>"; };
		27DE49FB22BF6F0000326E3C /* P1071 */ = {isa = PBXFileReference; explicitFileType = "compiled.mach-o.executable"; includeInIndex = 0; path = P1071; sourceTree = BUILT_PRODUCTS_DIR; };
		27DE49FD22BF6F0000326E3C /* main.cpp */ = {isa = PBXFileReference; lastKnownFileType = sourcecode.cpp.cpp; path = main.cpp; sourceTree = "<group>"; };
		27DE4A0322BF8E4500326E3C /* .gitignore */ = {isa = PBXFileReference; lastKnownFileType = text; path = .gitignore; sourceTree = "<group>"; };
		27E7EA2822BE46AA008229AC /* Luogu */ = {isa = PBXFileReference; explicitFileType = "compiled.mach-o.executable"; includeInIndex = 0; path = Luogu; sourceTree = BUILT_PRODUCTS_DIR; };
		27E7EA2B22BE46AA008229AC /* main.cpp */ = {isa = PBXFileReference; lastKnownFileType = sourcecode.cpp.cpp; path = main.cpp; sourceTree = "<group>"; };
/* End PBXFileReference section */

/* Begin PBXFrameworksBuildPhase section */
		2723137B22BFA7ED0063AAFC /* Frameworks */ = {
			isa = PBXFrameworksBuildPhase;
			buildActionMask = 2147483647;
			files = (
			);
			runOnlyForDeploymentPostprocessing = 0;
		};
		2744676C22BFBCD80015CC79 /* Frameworks */ = {
			isa = PBXFrameworksBuildPhase;
			buildActionMask = 2147483647;
			files = (
			);
			runOnlyForDeploymentPostprocessing = 0;
		};
		2744677722C070F80015CC79 /* Frameworks */ = {
			isa = PBXFrameworksBuildPhase;
			buildActionMask = 2147483647;
			files = (
			);
			runOnlyForDeploymentPostprocessing = 0;
		};
		27AF497022C08BEF00D99FE4 /* Frameworks */ = {
			isa = PBXFrameworksBuildPhase;
			buildActionMask = 2147483647;
			files = (
			);
			runOnlyForDeploymentPostprocessing = 0;
		};
		27AF497B22C0909E00D99FE4 /* Frameworks */ = {
			isa = PBXFrameworksBuildPhase;
			buildActionMask = 2147483647;
			files = (
			);
			runOnlyForDeploymentPostprocessing = 0;
		};
		27AF498622C0959600D99FE4 /* Frameworks */ = {
			isa = PBXFrameworksBuildPhase;
			buildActionMask = 2147483647;
			files = (
			);
			runOnlyForDeploymentPostprocessing = 0;
		};
		27AF499122C09BBB00D99FE4 /* Frameworks */ = {
			isa = PBXFrameworksBuildPhase;
			buildActionMask = 2147483647;
			files = (
			);
			runOnlyForDeploymentPostprocessing = 0;
		};
		27AF499C22C0A42900D99FE4 /* Frameworks */ = {
			isa = PBXFrameworksBuildPhase;
			buildActionMask = 2147483647;
			files = (
			);
			runOnlyForDeploymentPostprocessing = 0;
		};
		27D8AB3822C074F500FB2C8E /* Frameworks */ = {
			isa = PBXFrameworksBuildPhase;
			buildActionMask = 2147483647;
			files = (
			);
			runOnlyForDeploymentPostprocessing = 0;
		};
		27DE49C122BE49BF00326E3C /* Frameworks */ = {
			isa = PBXFrameworksBuildPhase;
			buildActionMask = 2147483647;
			files = (
			);
			runOnlyForDeploymentPostprocessing = 0;
		};
		27DE49CC22BE4DD200326E3C /* Frameworks */ = {
			isa = PBXFrameworksBuildPhase;
			buildActionMask = 2147483647;
			files = (
			);
			runOnlyForDeploymentPostprocessing = 0;
		};
		27DE49D722BF195600326E3C /* Frameworks */ = {
			isa = PBXFrameworksBuildPhase;
			buildActionMask = 2147483647;
			files = (
			);
			runOnlyForDeploymentPostprocessing = 0;
		};
		27DE49E222BF421100326E3C /* Frameworks */ = {
			isa = PBXFrameworksBuildPhase;
			buildActionMask = 2147483647;
			files = (
			);
			runOnlyForDeploymentPostprocessing = 0;
		};
		27DE49ED22BF614300326E3C /* Frameworks */ = {
			isa = PBXFrameworksBuildPhase;
			buildActionMask = 2147483647;
			files = (
			);
			runOnlyForDeploymentPostprocessing = 0;
		};
		27DE49F822BF6F0000326E3C /* Frameworks */ = {
			isa = PBXFrameworksBuildPhase;
			buildActionMask = 2147483647;
			files = (
			);
			runOnlyForDeploymentPostprocessing = 0;
		};
		27E7EA2522BE46AA008229AC /* Frameworks */ = {
			isa = PBXFrameworksBuildPhase;
			buildActionMask = 2147483647;
			files = (
			);
			runOnlyForDeploymentPostprocessing = 0;
		};
/* End PBXFrameworksBuildPhase section */

/* Begin PBXGroup section */
		2723137F22BFA7ED0063AAFC /* CF304B */ = {
			isa = PBXGroup;
			children = (
				2723138022BFA7ED0063AAFC /* main.cpp */,
			);
			path = CF304B;
			sourceTree = "<group>";
		};
		2744677022BFBCD80015CC79 /* P1313 */ = {
			isa = PBXGroup;
			children = (
				2744677122BFBCD80015CC79 /* main.cpp */,
			);
			path = P1313;
			sourceTree = "<group>";
		};
		27AF497422C08BEF00D99FE4 /* P3817 */ = {
			isa = PBXGroup;
			children = (
				27AF497522C08BEF00D99FE4 /* main.cpp */,
			);
			path = P3817;
			sourceTree = "<group>";
		};
		27AF497F22C0909E00D99FE4 /* P1416 */ = {
			isa = PBXGroup;
			children = (
				27AF498022C0909E00D99FE4 /* main.cpp */,
			);
			path = P1416;
			sourceTree = "<group>";
		};
		27AF498A22C0959600D99FE4 /* P3371 */ = {
			isa = PBXGroup;
			children = (
				27AF498B22C0959600D99FE4 /* main.cpp */,
			);
			path = P3371;
			sourceTree = "<group>";
		};
		27AF499522C09BBB00D99FE4 /* P4779 */ = {
			isa = PBXGroup;
			children = (
				27AF499622C09BBB00D99FE4 /* main.cpp */,
			);
			path = P4779;
			sourceTree = "<group>";
		};
		27AF49A022C0A42900D99FE4 /* P2910 */ = {
			isa = PBXGroup;
			children = (
				27AF49A122C0A42900D99FE4 /* main.cpp */,
			);
			path = P2910;
			sourceTree = "<group>";
		};
		27D8AB3C22C074F500FB2C8E /* P1577 */ = {
			isa = PBXGroup;
			children = (
				27D8AB3D22C074F500FB2C8E /* main.cpp */,
			);
			path = P1577;
			sourceTree = "<group>";
		};
		27DE49C522BE49BF00326E3C /* P1001 */ = {
			isa = PBXGroup;
			children = (
				27DE49C622BE49BF00326E3C /* main.cpp */,
			);
			path = P1001;
			sourceTree = "<group>";
		};
		27DE49D022BE4DD200326E3C /* P1563 */ = {
			isa = PBXGroup;
			children = (
				27DE49D122BE4DD200326E3C /* main.cpp */,
			);
			path = P1563;
			sourceTree = "<group>";
		};
		27DE49DB22BF195700326E3C /* P1969 */ = {
			isa = PBXGroup;
			children = (
				27DE49DC22BF195700326E3C /* main.cpp */,
			);
			path = P1969;
			sourceTree = "<group>";
		};
		27DE49E622BF421100326E3C /* P1303 */ = {
			isa = PBXGroup;
			children = (
				27DE49E722BF421100326E3C /* main.cpp */,
			);
			path = P1303;
			sourceTree = "<group>";
		};
		27DE49F122BF614300326E3C /* P2038 */ = {
			isa = PBXGroup;
			children = (
				27DE49F222BF614300326E3C /* main.cpp */,
			);
			path = P2038;
			sourceTree = "<group>";
		};
		27DE49FC22BF6F0000326E3C /* P1071 */ = {
			isa = PBXGroup;
			children = (
				27DE49FD22BF6F0000326E3C /* main.cpp */,
			);
			path = P1071;
			sourceTree = "<group>";
		};
		27E7EA1F22BE46AA008229AC = {
			isa = PBXGroup;
			children = (
				27DE4A0322BF8E4500326E3C /* .gitignore */,
				27E7EA2A22BE46AA008229AC /* Luogu */,
				27DE49C522BE49BF00326E3C /* P1001 */,
				27DE49D022BE4DD200326E3C /* P1563 */,
				27DE49DB22BF195700326E3C /* P1969 */,
				27DE49E622BF421100326E3C /* P1303 */,
				27DE49F122BF614300326E3C /* P2038 */,
				27DE49FC22BF6F0000326E3C /* P1071 */,
				2723137F22BFA7ED0063AAFC /* CF304B */,
				2744677022BFBCD80015CC79 /* P1313 */,
				27D8AB3C22C074F500FB2C8E /* P1577 */,
				27AF497422C08BEF00D99FE4 /* P3817 */,
				27AF497F22C0909E00D99FE4 /* P1416 */,
				27AF498A22C0959600D99FE4 /* P3371 */,
				27AF499522C09BBB00D99FE4 /* P4779 */,
				27AF49A022C0A42900D99FE4 /* P2910 */,
				27E7EA2922BE46AA008229AC /* Products */,
			);
			sourceTree = "<group>";
		};
		27E7EA2922BE46AA008229AC /* Products */ = {
			isa = PBXGroup;
			children = (
				27E7EA2822BE46AA008229AC /* Luogu */,
				27DE49C422BE49BF00326E3C /* P1001 */,
				27DE49CF22BE4DD200326E3C /* P1563 */,
				27DE49DA22BF195700326E3C /* P1969 */,
				27DE49E522BF421100326E3C /* P1303 */,
				27DE49F022BF614300326E3C /* P2038 */,
				27DE49FB22BF6F0000326E3C /* P1071 */,
				2723137E22BFA7ED0063AAFC /* CF304B */,
				2744676F22BFBCD80015CC79 /* P1313 */,
				2744677A22C070F80015CC79 /* P2678 */,
				27D8AB3B22C074F500FB2C8E /* P1577 */,
				27AF497322C08BEF00D99FE4 /* P3817 */,
				27AF497E22C0909E00D99FE4 /* P1416 */,
				27AF498922C0959600D99FE4 /* P3371 */,
				27AF499422C09BBB00D99FE4 /* P4779 */,
				27AF499F22C0A42900D99FE4 /* P2910 */,
			);
			name = Products;
			sourceTree = "<group>";
		};
		27E7EA2A22BE46AA008229AC /* Luogu */ = {
			isa = PBXGroup;
			children = (
				27E7EA2B22BE46AA008229AC /* main.cpp */,
			);
			path = Luogu;
			sourceTree = "<group>";
		};
/* End PBXGroup section */

/* Begin PBXNativeTarget section */
		2723137D22BFA7ED0063AAFC /* CF304B */ = {
			isa = PBXNativeTarget;
			buildConfigurationList = 2723138422BFA7ED0063AAFC /* Build configuration list for PBXNativeTarget "CF304B" */;
			buildPhases = (
				2723137A22BFA7ED0063AAFC /* Sources */,
				2723137B22BFA7ED0063AAFC /* Frameworks */,
				2723137C22BFA7ED0063AAFC /* CopyFiles */,
			);
			buildRules = (
			);
			dependencies = (
			);
			name = CF304B;
			productName = CF304B;
			productReference = 2723137E22BFA7ED0063AAFC /* CF304B */;
			productType = "com.apple.product-type.tool";
		};
		2744676E22BFBCD80015CC79 /* P1313 */ = {
			isa = PBXNativeTarget;
			buildConfigurationList = 2744677522BFBCD80015CC79 /* Build configuration list for PBXNativeTarget "P1313" */;
			buildPhases = (
				2744676B22BFBCD80015CC79 /* Sources */,
				2744676C22BFBCD80015CC79 /* Frameworks */,
				2744676D22BFBCD80015CC79 /* CopyFiles */,
			);
			buildRules = (
			);
			dependencies = (
			);
			name = P1313;
			productName = P1313;
			productReference = 2744676F22BFBCD80015CC79 /* P1313 */;
			productType = "com.apple.product-type.tool";
		};
		2744677922C070F80015CC79 /* P2678 */ = {
			isa = PBXNativeTarget;
			buildConfigurationList = 2744677E22C070F80015CC79 /* Build configuration list for PBXNativeTarget "P2678" */;
			buildPhases = (
				2744677622C070F80015CC79 /* Sources */,
				2744677722C070F80015CC79 /* Frameworks */,
				2744677822C070F80015CC79 /* CopyFiles */,
			);
			buildRules = (
			);
			dependencies = (
			);
			name = P2678;
			productName = P2678;
			productReference = 2744677A22C070F80015CC79 /* P2678 */;
			productType = "com.apple.product-type.tool";
		};
		27AF497222C08BEF00D99FE4 /* P3817 */ = {
			isa = PBXNativeTarget;
			buildConfigurationList = 27AF497922C08BEF00D99FE4 /* Build configuration list for PBXNativeTarget "P3817" */;
			buildPhases = (
				27AF496F22C08BEF00D99FE4 /* Sources */,
				27AF497022C08BEF00D99FE4 /* Frameworks */,
				27AF497122C08BEF00D99FE4 /* CopyFiles */,
			);
			buildRules = (
			);
			dependencies = (
			);
			name = P3817;
			productName = P3817;
			productReference = 27AF497322C08BEF00D99FE4 /* P3817 */;
			productType = "com.apple.product-type.tool";
		};
		27AF497D22C0909E00D99FE4 /* P1416 */ = {
			isa = PBXNativeTarget;
			buildConfigurationList = 27AF498222C0909E00D99FE4 /* Build configuration list for PBXNativeTarget "P1416" */;
			buildPhases = (
				27AF497A22C0909E00D99FE4 /* Sources */,
				27AF497B22C0909E00D99FE4 /* Frameworks */,
				27AF497C22C0909E00D99FE4 /* CopyFiles */,
			);
			buildRules = (
			);
			dependencies = (
			);
			name = P1416;
			productName = P1416;
			productReference = 27AF497E22C0909E00D99FE4 /* P1416 */;
			productType = "com.apple.product-type.tool";
		};
		27AF498822C0959600D99FE4 /* P3371 */ = {
			isa = PBXNativeTarget;
			buildConfigurationList = 27AF498D22C0959600D99FE4 /* Build configuration list for PBXNativeTarget "P3371" */;
			buildPhases = (
				27AF498522C0959600D99FE4 /* Sources */,
				27AF498622C0959600D99FE4 /* Frameworks */,
				27AF498722C0959600D99FE4 /* CopyFiles */,
			);
			buildRules = (
			);
			dependencies = (
			);
			name = P3371;
			productName = P3371;
			productReference = 27AF498922C0959600D99FE4 /* P3371 */;
			productType = "com.apple.product-type.tool";
		};
		27AF499322C09BBB00D99FE4 /* P4779 */ = {
			isa = PBXNativeTarget;
			buildConfigurationList = 27AF499822C09BBB00D99FE4 /* Build configuration list for PBXNativeTarget "P4779" */;
			buildPhases = (
				27AF499022C09BBB00D99FE4 /* Sources */,
				27AF499122C09BBB00D99FE4 /* Frameworks */,
				27AF499222C09BBB00D99FE4 /* CopyFiles */,
			);
			buildRules = (
			);
			dependencies = (
			);
			name = P4779;
			productName = P4779;
			productReference = 27AF499422C09BBB00D99FE4 /* P4779 */;
			productType = "com.apple.product-type.tool";
		};
		27AF499E22C0A42900D99FE4 /* P2910 */ = {
			isa = PBXNativeTarget;
			buildConfigurationList = 27AF49A322C0A42900D99FE4 /* Build configuration list for PBXNativeTarget "P2910" */;
			buildPhases = (
				27AF499B22C0A42900D99FE4 /* Sources */,
				27AF499C22C0A42900D99FE4 /* Frameworks */,
				27AF499D22C0A42900D99FE4 /* CopyFiles */,
			);
			buildRules = (
			);
			dependencies = (
			);
			name = P2910;
			productName = P2910;
			productReference = 27AF499F22C0A42900D99FE4 /* P2910 */;
			productType = "com.apple.product-type.tool";
		};
		27D8AB3A22C074F500FB2C8E /* P1577 */ = {
			isa = PBXNativeTarget;
			buildConfigurationList = 27D8AB4122C074F500FB2C8E /* Build configuration list for PBXNativeTarget "P1577" */;
			buildPhases = (
				27D8AB3722C074F500FB2C8E /* Sources */,
				27D8AB3822C074F500FB2C8E /* Frameworks */,
				27D8AB3922C074F500FB2C8E /* CopyFiles */,
			);
			buildRules = (
			);
			dependencies = (
			);
			name = P1577;
			productName = P1577;
			productReference = 27D8AB3B22C074F500FB2C8E /* P1577 */;
			productType = "com.apple.product-type.tool";
		};
		27DE49C322BE49BF00326E3C /* P1001 */ = {
			isa = PBXNativeTarget;
			buildConfigurationList = 27DE49C822BE49C000326E3C /* Build configuration list for PBXNativeTarget "P1001" */;
			buildPhases = (
				27DE49C022BE49BF00326E3C /* Sources */,
				27DE49C122BE49BF00326E3C /* Frameworks */,
				27DE49C222BE49BF00326E3C /* CopyFiles */,
			);
			buildRules = (
			);
			dependencies = (
			);
			name = P1001;
			productName = P1001;
			productReference = 27DE49C422BE49BF00326E3C /* P1001 */;
			productType = "com.apple.product-type.tool";
		};
		27DE49CE22BE4DD200326E3C /* P1563 */ = {
			isa = PBXNativeTarget;
			buildConfigurationList = 27DE49D322BE4DD200326E3C /* Build configuration list for PBXNativeTarget "P1563" */;
			buildPhases = (
				27DE49CB22BE4DD200326E3C /* Sources */,
				27DE49CC22BE4DD200326E3C /* Frameworks */,
				27DE49CD22BE4DD200326E3C /* CopyFiles */,
			);
			buildRules = (
			);
			dependencies = (
			);
			name = P1563;
			productName = P1563;
			productReference = 27DE49CF22BE4DD200326E3C /* P1563 */;
			productType = "com.apple.product-type.tool";
		};
		27DE49D922BF195600326E3C /* P1969 */ = {
			isa = PBXNativeTarget;
			buildConfigurationList = 27DE49DE22BF195700326E3C /* Build configuration list for PBXNativeTarget "P1969" */;
			buildPhases = (
				27DE49D622BF195600326E3C /* Sources */,
				27DE49D722BF195600326E3C /* Frameworks */,
				27DE49D822BF195600326E3C /* CopyFiles */,
			);
			buildRules = (
			);
			dependencies = (
			);
			name = P1969;
			productName = P1969;
			productReference = 27DE49DA22BF195700326E3C /* P1969 */;
			productType = "com.apple.product-type.tool";
		};
		27DE49E422BF421100326E3C /* P1303 */ = {
			isa = PBXNativeTarget;
			buildConfigurationList = 27DE49E922BF421100326E3C /* Build configuration list for PBXNativeTarget "P1303" */;
			buildPhases = (
				27DE49E122BF421100326E3C /* Sources */,
				27DE49E222BF421100326E3C /* Frameworks */,
				27DE49E322BF421100326E3C /* CopyFiles */,
			);
			buildRules = (
			);
			dependencies = (
			);
			name = P1303;
			productName = P1303;
			productReference = 27DE49E522BF421100326E3C /* P1303 */;
			productType = "com.apple.product-type.tool";
		};
		27DE49EF22BF614300326E3C /* P2038 */ = {
			isa = PBXNativeTarget;
			buildConfigurationList = 27DE49F422BF614300326E3C /* Build configuration list for PBXNativeTarget "P2038" */;
			buildPhases = (
				27DE49EC22BF614300326E3C /* Sources */,
				27DE49ED22BF614300326E3C /* Frameworks */,
				27DE49EE22BF614300326E3C /* CopyFiles */,
			);
			buildRules = (
			);
			dependencies = (
			);
			name = P2038;
			productName = P2038;
			productReference = 27DE49F022BF614300326E3C /* P2038 */;
			productType = "com.apple.product-type.tool";
		};
		27DE49FA22BF6F0000326E3C /* P1071 */ = {
			isa = PBXNativeTarget;
			buildConfigurationList = 27DE49FF22BF6F0000326E3C /* Build configuration list for PBXNativeTarget "P1071" */;
			buildPhases = (
				27DE49F722BF6F0000326E3C /* Sources */,
				27DE49F822BF6F0000326E3C /* Frameworks */,
				27DE49F922BF6F0000326E3C /* CopyFiles */,
			);
			buildRules = (
			);
			dependencies = (
			);
			name = P1071;
			productName = P1071;
			productReference = 27DE49FB22BF6F0000326E3C /* P1071 */;
			productType = "com.apple.product-type.tool";
		};
		27E7EA2722BE46AA008229AC /* Luogu */ = {
			isa = PBXNativeTarget;
			buildConfigurationList = 27E7EA2F22BE46AA008229AC /* Build configuration list for PBXNativeTarget "Luogu" */;
			buildPhases = (
				27E7EA2422BE46AA008229AC /* Sources */,
				27E7EA2522BE46AA008229AC /* Frameworks */,
				27E7EA2622BE46AA008229AC /* CopyFiles */,
			);
			buildRules = (
			);
			dependencies = (
			);
			name = Luogu;
			productName = Luogu;
			productReference = 27E7EA2822BE46AA008229AC /* Luogu */;
			productType = "com.apple.product-type.tool";
		};
/* End PBXNativeTarget section */

/* Begin PBXProject section */
		27E7EA2022BE46AA008229AC /* Project object */ = {
			isa = PBXProject;
			attributes = {
				LastUpgradeCheck = 1020;
				ORGANIZATIONNAME = "Kanger He";
				TargetAttributes = {
					2723137D22BFA7ED0063AAFC = {
						CreatedOnToolsVersion = 10.2.1;
					};
					2744676E22BFBCD80015CC79 = {
						CreatedOnToolsVersion = 10.2.1;
					};
					2744677922C070F80015CC79 = {
						CreatedOnToolsVersion = 10.2.1;
					};
					27AF497222C08BEF00D99FE4 = {
						CreatedOnToolsVersion = 10.2.1;
					};
					27AF497D22C0909E00D99FE4 = {
						CreatedOnToolsVersion = 10.2.1;
					};
					27AF498822C0959600D99FE4 = {
						CreatedOnToolsVersion = 10.2.1;
					};
					27AF499322C09BBB00D99FE4 = {
						CreatedOnToolsVersion = 10.2.1;
					};
					27AF499E22C0A42900D99FE4 = {
						CreatedOnToolsVersion = 10.2.1;
					};
					27D8AB3A22C074F500FB2C8E = {
						CreatedOnToolsVersion = 10.2.1;
					};
					27DE49C322BE49BF00326E3C = {
						CreatedOnToolsVersion = 10.2.1;
					};
					27DE49CE22BE4DD200326E3C = {
						CreatedOnToolsVersion = 10.2.1;
					};
					27DE49D922BF195600326E3C = {
						CreatedOnToolsVersion = 10.2.1;
					};
					27DE49E422BF421100326E3C = {
						CreatedOnToolsVersion = 10.2.1;
					};
					27DE49EF22BF614300326E3C = {
						CreatedOnToolsVersion = 10.2.1;
					};
					27DE49FA22BF6F0000326E3C = {
						CreatedOnToolsVersion = 10.2.1;
					};
					27E7EA2722BE46AA008229AC = {
						CreatedOnToolsVersion = 10.2.1;
					};
				};
			};
			buildConfigurationList = 27E7EA2322BE46AA008229AC /* Build configuration list for PBXProject "Luogu" */;
			compatibilityVersion = "Xcode 9.3";
			developmentRegion = en;
			hasScannedForEncodings = 0;
			knownRegions = (
				en,
			);
			mainGroup = 27E7EA1F22BE46AA008229AC;
			productRefGroup = 27E7EA2922BE46AA008229AC /* Products */;
			projectDirPath = "";
			projectRoot = "";
			targets = (
				27E7EA2722BE46AA008229AC /* Luogu */,
				27DE49C322BE49BF00326E3C /* P1001 */,
				27DE49CE22BE4DD200326E3C /* P1563 */,
				27DE49D922BF195600326E3C /* P1969 */,
				27DE49E422BF421100326E3C /* P1303 */,
				27DE49EF22BF614300326E3C /* P2038 */,
				27DE49FA22BF6F0000326E3C /* P1071 */,
				2723137D22BFA7ED0063AAFC /* CF304B */,
				2744676E22BFBCD80015CC79 /* P1313 */,
				2744677922C070F80015CC79 /* P2678 */,
				27D8AB3A22C074F500FB2C8E /* P1577 */,
				27AF497222C08BEF00D99FE4 /* P3817 */,
				27AF497D22C0909E00D99FE4 /* P1416 */,
				27AF498822C0959600D99FE4 /* P3371 */,
				27AF499322C09BBB00D99FE4 /* P4779 */,
				27AF499E22C0A42900D99FE4 /* P2910 */,
			);
		};
/* End PBXProject section */

/* Begin PBXSourcesBuildPhase section */
		2723137A22BFA7ED0063AAFC /* Sources */ = {
			isa = PBXSourcesBuildPhase;
			buildActionMask = 2147483647;
			files = (
				2723138122BFA7ED0063AAFC /* main.cpp in Sources */,
			);
			runOnlyForDeploymentPostprocessing = 0;
		};
		2744676B22BFBCD80015CC79 /* Sources */ = {
			isa = PBXSourcesBuildPhase;
			buildActionMask = 2147483647;
			files = (
				2744677222BFBCD80015CC79 /* main.cpp in Sources */,
			);
			runOnlyForDeploymentPostprocessing = 0;
		};
		2744677622C070F80015CC79 /* Sources */ = {
			isa = PBXSourcesBuildPhase;
			buildActionMask = 2147483647;
			files = (
			);
			runOnlyForDeploymentPostprocessing = 0;
		};
		27AF496F22C08BEF00D99FE4 /* Sources */ = {
			isa = PBXSourcesBuildPhase;
			buildActionMask = 2147483647;
			files = (
				27AF497622C08BEF00D99FE4 /* main.cpp in Sources */,
			);
			runOnlyForDeploymentPostprocessing = 0;
		};
		27AF497A22C0909E00D99FE4 /* Sources */ = {
			isa = PBXSourcesBuildPhase;
			buildActionMask = 2147483647;
			files = (
				27AF498122C0909E00D99FE4 /* main.cpp in Sources */,
			);
			runOnlyForDeploymentPostprocessing = 0;
		};
		27AF498522C0959600D99FE4 /* Sources */ = {
			isa = PBXSourcesBuildPhase;
			buildActionMask = 2147483647;
			files = (
				27AF498C22C0959600D99FE4 /* main.cpp in Sources */,
			);
			runOnlyForDeploymentPostprocessing = 0;
		};
		27AF499022C09BBB00D99FE4 /* Sources */ = {
			isa = PBXSourcesBuildPhase;
			buildActionMask = 2147483647;
			files = (
				27AF499722C09BBB00D99FE4 /* main.cpp in Sources */,
			);
			runOnlyForDeploymentPostprocessing = 0;
		};
		27AF499B22C0A42900D99FE4 /* Sources */ = {
			isa = PBXSourcesBuildPhase;
			buildActionMask = 2147483647;
			files = (
				27AF49A222C0A42900D99FE4 /* main.cpp in Sources */,
			);
			runOnlyForDeploymentPostprocessing = 0;
		};
		27D8AB3722C074F500FB2C8E /* Sources */ = {
			isa = PBXSourcesBuildPhase;
			buildActionMask = 2147483647;
			files = (
				27D8AB3E22C074F500FB2C8E /* main.cpp in Sources */,
			);
			runOnlyForDeploymentPostprocessing = 0;
		};
		27DE49C022BE49BF00326E3C /* Sources */ = {
			isa = PBXSourcesBuildPhase;
			buildActionMask = 2147483647;
			files = (
				27DE49C722BE49C000326E3C /* main.cpp in Sources */,
			);
			runOnlyForDeploymentPostprocessing = 0;
		};
		27DE49CB22BE4DD200326E3C /* Sources */ = {
			isa = PBXSourcesBuildPhase;
			buildActionMask = 2147483647;
			files = (
				27DE49D222BE4DD200326E3C /* main.cpp in Sources */,
			);
			runOnlyForDeploymentPostprocessing = 0;
		};
		27DE49D622BF195600326E3C /* Sources */ = {
			isa = PBXSourcesBuildPhase;
			buildActionMask = 2147483647;
			files = (
				27DE49DD22BF195700326E3C /* main.cpp in Sources */,
			);
			runOnlyForDeploymentPostprocessing = 0;
		};
		27DE49E122BF421100326E3C /* Sources */ = {
			isa = PBXSourcesBuildPhase;
			buildActionMask = 2147483647;
			files = (
				27DE49E822BF421100326E3C /* main.cpp in Sources */,
			);
			runOnlyForDeploymentPostprocessing = 0;
		};
		27DE49EC22BF614300326E3C /* Sources */ = {
			isa = PBXSourcesBuildPhase;
			buildActionMask = 2147483647;
			files = (
				27DE49F322BF614300326E3C /* main.cpp in Sources */,
			);
			runOnlyForDeploymentPostprocessing = 0;
		};
		27DE49F722BF6F0000326E3C /* Sources */ = {
			isa = PBXSourcesBuildPhase;
			buildActionMask = 2147483647;
			files = (
				27DE49FE22BF6F0000326E3C /* main.cpp in Sources */,
			);
			runOnlyForDeploymentPostprocessing = 0;
		};
		27E7EA2422BE46AA008229AC /* Sources */ = {
			isa = PBXSourcesBuildPhase;
			buildActionMask = 2147483647;
			files = (
				27E7EA2C22BE46AA008229AC /* main.cpp in Sources */,
			);
			runOnlyForDeploymentPostprocessing = 0;
		};
/* End PBXSourcesBuildPhase section */

/* Begin XCBuildConfiguration section */
		2723138222BFA7ED0063AAFC /* Debug */ = {
			isa = XCBuildConfiguration;
			buildSettings = {
				CODE_SIGN_STYLE = Automatic;
				PRODUCT_NAME = "$(TARGET_NAME)";
			};
			name = Debug;
		};
		2723138322BFA7ED0063AAFC /* Release */ = {
			isa = XCBuildConfiguration;
			buildSettings = {
				CODE_SIGN_STYLE = Automatic;
				PRODUCT_NAME = "$(TARGET_NAME)";
			};
			name = Release;
		};
		2744677322BFBCD80015CC79 /* Debug */ = {
			isa = XCBuildConfiguration;
			buildSettings = {
				CODE_SIGN_STYLE = Automatic;
				PRODUCT_NAME = "$(TARGET_NAME)";
			};
			name = Debug;
		};
		2744677422BFBCD80015CC79 /* Release */ = {
			isa = XCBuildConfiguration;
			buildSettings = {
				CODE_SIGN_STYLE = Automatic;
				PRODUCT_NAME = "$(TARGET_NAME)";
			};
			name = Release;
		};
		2744677F22C070F80015CC79 /* Debug */ = {
			isa = XCBuildConfiguration;
			buildSettings = {
				CODE_SIGN_STYLE = Automatic;
				PRODUCT_NAME = "$(TARGET_NAME)";
			};
			name = Debug;
		};
		2744678022C070F80015CC79 /* Release */ = {
			isa = XCBuildConfiguration;
			buildSettings = {
				CODE_SIGN_STYLE = Automatic;
				PRODUCT_NAME = "$(TARGET_NAME)";
			};
			name = Release;
		};
		27AF497722C08BEF00D99FE4 /* Debug */ = {
			isa = XCBuildConfiguration;
			buildSettings = {
				CODE_SIGN_STYLE = Automatic;
				PRODUCT_NAME = "$(TARGET_NAME)";
			};
			name = Debug;
		};
		27AF497822C08BEF00D99FE4 /* Release */ = {
			isa = XCBuildConfiguration;
			buildSettings = {
				CODE_SIGN_STYLE = Automatic;
				PRODUCT_NAME = "$(TARGET_NAME)";
			};
			name = Release;
		};
		27AF498322C0909E00D99FE4 /* Debug */ = {
			isa = XCBuildConfiguration;
			buildSettings = {
				CODE_SIGN_STYLE = Automatic;
				PRODUCT_NAME = "$(TARGET_NAME)";
			};
			name = Debug;
		};
		27AF498422C0909E00D99FE4 /* Release */ = {
			isa = XCBuildConfiguration;
			buildSettings = {
				CODE_SIGN_STYLE = Automatic;
				PRODUCT_NAME = "$(TARGET_NAME)";
			};
			name = Release;
		};
		27AF498E22C0959600D99FE4 /* Debug */ = {
			isa = XCBuildConfiguration;
			buildSettings = {
				CODE_SIGN_STYLE = Automatic;
				PRODUCT_NAME = "$(TARGET_NAME)";
			};
			name = Debug;
		};
		27AF498F22C0959600D99FE4 /* Release */ = {
			isa = XCBuildConfiguration;
			buildSettings = {
				CODE_SIGN_STYLE = Automatic;
				PRODUCT_NAME = "$(TARGET_NAME)";
			};
			name = Release;
		};
		27AF499922C09BBB00D99FE4 /* Debug */ = {
			isa = XCBuildConfiguration;
			buildSettings = {
				CODE_SIGN_STYLE = Automatic;
				PRODUCT_NAME = "$(TARGET_NAME)";
			};
			name = Debug;
		};
		27AF499A22C09BBB00D99FE4 /* Release */ = {
			isa = XCBuildConfiguration;
			buildSettings = {
				CODE_SIGN_STYLE = Automatic;
				PRODUCT_NAME = "$(TARGET_NAME)";
			};
			name = Release;
		};
		27AF49A422C0A42900D99FE4 /* Debug */ = {
			isa = XCBuildConfiguration;
			buildSettings = {
				CODE_SIGN_STYLE = Automatic;
				PRODUCT_NAME = "$(TARGET_NAME)";
			};
			name = Debug;
		};
		27AF49A522C0A42900D99FE4 /* Release */ = {
			isa = XCBuildConfiguration;
			buildSettings = {
				CODE_SIGN_STYLE = Automatic;
				PRODUCT_NAME = "$(TARGET_NAME)";
			};
			name = Release;
		};
		27D8AB3F22C074F500FB2C8E /* Debug */ = {
			isa = XCBuildConfiguration;
			buildSettings = {
				CODE_SIGN_STYLE = Automatic;
				PRODUCT_NAME = "$(TARGET_NAME)";
			};
			name = Debug;
		};
		27D8AB4022C074F500FB2C8E /* Release */ = {
			isa = XCBuildConfiguration;
			buildSettings = {
				CODE_SIGN_STYLE = Automatic;
				PRODUCT_NAME = "$(TARGET_NAME)";
			};
			name = Release;
		};
		27DE49C922BE49C000326E3C /* Debug */ = {
			isa = XCBuildConfiguration;
			buildSettings = {
				CODE_SIGN_STYLE = Automatic;
				PRODUCT_NAME = "$(TARGET_NAME)";
			};
			name = Debug;
		};
		27DE49CA22BE49C000326E3C /* Release */ = {
			isa = XCBuildConfiguration;
			buildSettings = {
				CODE_SIGN_STYLE = Automatic;
				PRODUCT_NAME = "$(TARGET_NAME)";
			};
			name = Release;
		};
		27DE49D422BE4DD200326E3C /* Debug */ = {
			isa = XCBuildConfiguration;
			buildSettings = {
				CODE_SIGN_STYLE = Automatic;
				PRODUCT_NAME = "$(TARGET_NAME)";
			};
			name = Debug;
		};
		27DE49D522BE4DD200326E3C /* Release */ = {
			isa = XCBuildConfiguration;
			buildSettings = {
				CODE_SIGN_STYLE = Automatic;
				PRODUCT_NAME = "$(TARGET_NAME)";
			};
			name = Release;
		};
		27DE49DF22BF195700326E3C /* Debug */ = {
			isa = XCBuildConfiguration;
			buildSettings = {
				CODE_SIGN_STYLE = Automatic;
				PRODUCT_NAME = "$(TARGET_NAME)";
			};
			name = Debug;
		};
		27DE49E022BF195700326E3C /* Release */ = {
			isa = XCBuildConfiguration;
			buildSettings = {
				CODE_SIGN_STYLE = Automatic;
				PRODUCT_NAME = "$(TARGET_NAME)";
			};
			name = Release;
		};
		27DE49EA22BF421100326E3C /* Debug */ = {
			isa = XCBuildConfiguration;
			buildSettings = {
				CODE_SIGN_STYLE = Automatic;
				PRODUCT_NAME = "$(TARGET_NAME)";
			};
			name = Debug;
		};
		27DE49EB22BF421100326E3C /* Release */ = {
			isa = XCBuildConfiguration;
			buildSettings = {
				CODE_SIGN_STYLE = Automatic;
				PRODUCT_NAME = "$(TARGET_NAME)";
			};
			name = Release;
		};
		27DE49F522BF614300326E3C /* Debug */ = {
			isa = XCBuildConfiguration;
			buildSettings = {
				CODE_SIGN_STYLE = Automatic;
				PRODUCT_NAME = "$(TARGET_NAME)";
			};
			name = Debug;
		};
		27DE49F622BF614300326E3C /* Release */ = {
			isa = XCBuildConfiguration;
			buildSettings = {
				CODE_SIGN_STYLE = Automatic;
				PRODUCT_NAME = "$(TARGET_NAME)";
			};
			name = Release;
		};
		27DE4A0022BF6F0000326E3C /* Debug */ = {
			isa = XCBuildConfiguration;
			buildSettings = {
				CODE_SIGN_STYLE = Automatic;
				PRODUCT_NAME = "$(TARGET_NAME)";
			};
			name = Debug;
		};
		27DE4A0122BF6F0000326E3C /* Release */ = {
			isa = XCBuildConfiguration;
			buildSettings = {
				CODE_SIGN_STYLE = Automatic;
				PRODUCT_NAME = "$(TARGET_NAME)";
			};
			name = Release;
		};
		27E7EA2D22BE46AA008229AC /* Debug */ = {
			isa = XCBuildConfiguration;
			buildSettings = {
				ALWAYS_SEARCH_USER_PATHS = NO;
				CLANG_ANALYZER_NONNULL = YES;
				CLANG_ANALYZER_NUMBER_OBJECT_CONVERSION = YES_AGGRESSIVE;
				CLANG_CXX_LANGUAGE_STANDARD = "gnu++14";
				CLANG_CXX_LIBRARY = "libc++";
				CLANG_ENABLE_MODULES = YES;
				CLANG_ENABLE_OBJC_ARC = YES;
				CLANG_ENABLE_OBJC_WEAK = YES;
				CLANG_WARN_BLOCK_CAPTURE_AUTORELEASING = YES;
				CLANG_WARN_BOOL_CONVERSION = YES;
				CLANG_WARN_COMMA = YES;
				CLANG_WARN_CONSTANT_CONVERSION = YES;
				CLANG_WARN_DEPRECATED_OBJC_IMPLEMENTATIONS = YES;
				CLANG_WARN_DIRECT_OBJC_ISA_USAGE = YES_ERROR;
				CLANG_WARN_DOCUMENTATION_COMMENTS = YES;
				CLANG_WARN_EMPTY_BODY = YES;
				CLANG_WARN_ENUM_CONVERSION = YES;
				CLANG_WARN_INFINITE_RECURSION = YES;
				CLANG_WARN_INT_CONVERSION = YES;
				CLANG_WARN_NON_LITERAL_NULL_CONVERSION = YES;
				CLANG_WARN_OBJC_IMPLICIT_RETAIN_SELF = YES;
				CLANG_WARN_OBJC_LITERAL_CONVERSION = YES;
				CLANG_WARN_OBJC_ROOT_CLASS = YES_ERROR;
				CLANG_WARN_RANGE_LOOP_ANALYSIS = YES;
				CLANG_WARN_STRICT_PROTOTYPES = YES;
				CLANG_WARN_SUSPICIOUS_MOVE = YES;
				CLANG_WARN_UNGUARDED_AVAILABILITY = YES_AGGRESSIVE;
				CLANG_WARN_UNREACHABLE_CODE = YES;
				CLANG_WARN__DUPLICATE_METHOD_MATCH = YES;
				CODE_SIGN_IDENTITY = "-";
				COPY_PHASE_STRIP = NO;
				DEBUG_INFORMATION_FORMAT = dwarf;
				ENABLE_STRICT_OBJC_MSGSEND = YES;
				ENABLE_TESTABILITY = YES;
				GCC_C_LANGUAGE_STANDARD = gnu11;
				GCC_DYNAMIC_NO_PIC = NO;
				GCC_NO_COMMON_BLOCKS = YES;
				GCC_OPTIMIZATION_LEVEL = 0;
				GCC_PREPROCESSOR_DEFINITIONS = (
					"DEBUG=1",
					"$(inherited)",
				);
				GCC_WARN_64_TO_32_BIT_CONVERSION = YES;
				GCC_WARN_ABOUT_RETURN_TYPE = YES_ERROR;
				GCC_WARN_UNDECLARED_SELECTOR = YES;
				GCC_WARN_UNINITIALIZED_AUTOS = YES_AGGRESSIVE;
				GCC_WARN_UNUSED_FUNCTION = YES;
				GCC_WARN_UNUSED_VARIABLE = YES;
				MACOSX_DEPLOYMENT_TARGET = 10.14;
				MTL_ENABLE_DEBUG_INFO = INCLUDE_SOURCE;
				MTL_FAST_MATH = YES;
				ONLY_ACTIVE_ARCH = YES;
				SDKROOT = macosx;
			};
			name = Debug;
		};
		27E7EA2E22BE46AA008229AC /* Release */ = {
			isa = XCBuildConfiguration;
			buildSettings = {
				ALWAYS_SEARCH_USER_PATHS = NO;
				CLANG_ANALYZER_NONNULL = YES;
				CLANG_ANALYZER_NUMBER_OBJECT_CONVERSION = YES_AGGRESSIVE;
				CLANG_CXX_LANGUAGE_STANDARD = "gnu++14";
				CLANG_CXX_LIBRARY = "libc++";
				CLANG_ENABLE_MODULES = YES;
				CLANG_ENABLE_OBJC_ARC = YES;
				CLANG_ENABLE_OBJC_WEAK = YES;
				CLANG_WARN_BLOCK_CAPTURE_AUTORELEASING = YES;
				CLANG_WARN_BOOL_CONVERSION = YES;
				CLANG_WARN_COMMA = YES;
				CLANG_WARN_CONSTANT_CONVERSION = YES;
				CLANG_WARN_DEPRECATED_OBJC_IMPLEMENTATIONS = YES;
				CLANG_WARN_DIRECT_OBJC_ISA_USAGE = YES_ERROR;
				CLANG_WARN_DOCUMENTATION_COMMENTS = YES;
				CLANG_WARN_EMPTY_BODY = YES;
				CLANG_WARN_ENUM_CONVERSION = YES;
				CLANG_WARN_INFINITE_RECURSION = YES;
				CLANG_WARN_INT_CONVERSION = YES;
				CLANG_WARN_NON_LITERAL_NULL_CONVERSION = YES;
				CLANG_WARN_OBJC_IMPLICIT_RETAIN_SELF = YES;
				CLANG_WARN_OBJC_LITERAL_CONVERSION = YES;
				CLANG_WARN_OBJC_ROOT_CLASS = YES_ERROR;
				CLANG_WARN_RANGE_LOOP_ANALYSIS = YES;
				CLANG_WARN_STRICT_PROTOTYPES = YES;
				CLANG_WARN_SUSPICIOUS_MOVE = YES;
				CLANG_WARN_UNGUARDED_AVAILABILITY = YES_AGGRESSIVE;
				CLANG_WARN_UNREACHABLE_CODE = YES;
				CLANG_WARN__DUPLICATE_METHOD_MATCH = YES;
				CODE_SIGN_IDENTITY = "-";
				COPY_PHASE_STRIP = NO;
				DEBUG_INFORMATION_FORMAT = "dwarf-with-dsym";
				ENABLE_NS_ASSERTIONS = NO;
				ENABLE_STRICT_OBJC_MSGSEND = YES;
				GCC_C_LANGUAGE_STANDARD = gnu11;
				GCC_NO_COMMON_BLOCKS = YES;
				GCC_WARN_64_TO_32_BIT_CONVERSION = YES;
				GCC_WARN_ABOUT_RETURN_TYPE = YES_ERROR;
				GCC_WARN_UNDECLARED_SELECTOR = YES;
				GCC_WARN_UNINITIALIZED_AUTOS = YES_AGGRESSIVE;
				GCC_WARN_UNUSED_FUNCTION = YES;
				GCC_WARN_UNUSED_VARIABLE = YES;
				MACOSX_DEPLOYMENT_TARGET = 10.14;
				MTL_ENABLE_DEBUG_INFO = NO;
				MTL_FAST_MATH = YES;
				SDKROOT = macosx;
			};
			name = Release;
		};
		27E7EA3022BE46AA008229AC /* Debug */ = {
			isa = XCBuildConfiguration;
			buildSettings = {
				CODE_SIGN_STYLE = Automatic;
				PRODUCT_NAME = "$(TARGET_NAME)";
			};
			name = Debug;
		};
		27E7EA3122BE46AA008229AC /* Release */ = {
			isa = XCBuildConfiguration;
			buildSettings = {
				CODE_SIGN_STYLE = Automatic;
				PRODUCT_NAME = "$(TARGET_NAME)";
			};
			name = Release;
		};
/* End XCBuildConfiguration section */

/* Begin XCConfigurationList section */
		2723138422BFA7ED0063AAFC /* Build configuration list for PBXNativeTarget "CF304B" */ = {
			isa = XCConfigurationList;
			buildConfigurations = (
				2723138222BFA7ED0063AAFC /* Debug */,
				2723138322BFA7ED0063AAFC /* Release */,
			);
			defaultConfigurationIsVisible = 0;
			defaultConfigurationName = Release;
		};
		2744677522BFBCD80015CC79 /* Build configuration list for PBXNativeTarget "P1313" */ = {
			isa = XCConfigurationList;
			buildConfigurations = (
				2744677322BFBCD80015CC79 /* Debug */,
				2744677422BFBCD80015CC79 /* Release */,
			);
			defaultConfigurationIsVisible = 0;
			defaultConfigurationName = Release;
		};
		2744677E22C070F80015CC79 /* Build configuration list for PBXNativeTarget "P2678" */ = {
			isa = XCConfigurationList;
			buildConfigurations = (
				2744677F22C070F80015CC79 /* Debug */,
				2744678022C070F80015CC79 /* Release */,
			);
			defaultConfigurationIsVisible = 0;
			defaultConfigurationName = Release;
		};
		27AF497922C08BEF00D99FE4 /* Build configuration list for PBXNativeTarget "P3817" */ = {
			isa = XCConfigurationList;
			buildConfigurations = (
				27AF497722C08BEF00D99FE4 /* Debug */,
				27AF497822C08BEF00D99FE4 /* Release */,
			);
			defaultConfigurationIsVisible = 0;
			defaultConfigurationName = Release;
		};
		27AF498222C0909E00D99FE4 /* Build configuration list for PBXNativeTarget "P1416" */ = {
			isa = XCConfigurationList;
			buildConfigurations = (
				27AF498322C0909E00D99FE4 /* Debug */,
				27AF498422C0909E00D99FE4 /* Release */,
			);
			defaultConfigurationIsVisible = 0;
			defaultConfigurationName = Release;
		};
		27AF498D22C0959600D99FE4 /* Build configuration list for PBXNativeTarget "P3371" */ = {
			isa = XCConfigurationList;
			buildConfigurations = (
				27AF498E22C0959600D99FE4 /* Debug */,
				27AF498F22C0959600D99FE4 /* Release */,
			);
			defaultConfigurationIsVisible = 0;
			defaultConfigurationName = Release;
		};
		27AF499822C09BBB00D99FE4 /* Build configuration list for PBXNativeTarget "P4779" */ = {
			isa = XCConfigurationList;
			buildConfigurations = (
				27AF499922C09BBB00D99FE4 /* Debug */,
				27AF499A22C09BBB00D99FE4 /* Release */,
			);
			defaultConfigurationIsVisible = 0;
			defaultConfigurationName = Release;
		};
		27AF49A322C0A42900D99FE4 /* Build configuration list for PBXNativeTarget "P2910" */ = {
			isa = XCConfigurationList;
			buildConfigurations = (
				27AF49A422C0A42900D99FE4 /* Debug */,
				27AF49A522C0A42900D99FE4 /* Release */,
			);
			defaultConfigurationIsVisible = 0;
			defaultConfigurationName = Release;
		};
		27D8AB4122C074F500FB2C8E /* Build configuration list for PBXNativeTarget "P1577" */ = {
			isa = XCConfigurationList;
			buildConfigurations = (
				27D8AB3F22C074F500FB2C8E /* Debug */,
				27D8AB4022C074F500FB2C8E /* Release */,
			);
			defaultConfigurationIsVisible = 0;
			defaultConfigurationName = Release;
		};
		27DE49C822BE49C000326E3C /* Build configuration list for PBXNativeTarget "P1001" */ = {
			isa = XCConfigurationList;
			buildConfigurations = (
				27DE49C922BE49C000326E3C /* Debug */,
				27DE49CA22BE49C000326E3C /* Release */,
			);
			defaultConfigurationIsVisible = 0;
			defaultConfigurationName = Release;
		};
		27DE49D322BE4DD200326E3C /* Build configuration list for PBXNativeTarget "P1563" */ = {
			isa = XCConfigurationList;
			buildConfigurations = (
				27DE49D422BE4DD200326E3C /* Debug */,
				27DE49D522BE4DD200326E3C /* Release */,
			);
			defaultConfigurationIsVisible = 0;
			defaultConfigurationName = Release;
		};
		27DE49DE22BF195700326E3C /* Build configuration list for PBXNativeTarget "P1969" */ = {
			isa = XCConfigurationList;
			buildConfigurations = (
				27DE49DF22BF195700326E3C /* Debug */,
				27DE49E022BF195700326E3C /* Release */,
			);
			defaultConfigurationIsVisible = 0;
			defaultConfigurationName = Release;
		};
		27DE49E922BF421100326E3C /* Build configuration list for PBXNativeTarget "P1303" */ = {
			isa = XCConfigurationList;
			buildConfigurations = (
				27DE49EA22BF421100326E3C /* Debug */,
				27DE49EB22BF421100326E3C /* Release */,
			);
			defaultConfigurationIsVisible = 0;
			defaultConfigurationName = Release;
		};
		27DE49F422BF614300326E3C /* Build configuration list for PBXNativeTarget "P2038" */ = {
			isa = XCConfigurationList;
			buildConfigurations = (
				27DE49F522BF614300326E3C /* Debug */,
				27DE49F622BF614300326E3C /* Release */,
			);
			defaultConfigurationIsVisible = 0;
			defaultConfigurationName = Release;
		};
		27DE49FF22BF6F0000326E3C /* Build configuration list for PBXNativeTarget "P1071" */ = {
			isa = XCConfigurationList;
			buildConfigurations = (
				27DE4A0022BF6F0000326E3C /* Debug */,
				27DE4A0122BF6F0000326E3C /* Release */,
			);
			defaultConfigurationIsVisible = 0;
			defaultConfigurationName = Release;
		};
		27E7EA2322BE46AA008229AC /* Build configuration list for PBXProject "Luogu" */ = {
			isa = XCConfigurationList;
			buildConfigurations = (
				27E7EA2D22BE46AA008229AC /* Debug */,
				27E7EA2E22BE46AA008229AC /* Release */,
			);
			defaultConfigurationIsVisible = 0;
			defaultConfigurationName = Release;
		};
		27E7EA2F22BE46AA008229AC /* Build configuration list for PBXNativeTarget "Luogu" */ = {
			isa = XCConfigurationList;
			buildConfigurations = (
				27E7EA3022BE46AA008229AC /* Debug */,
				27E7EA3122BE46AA008229AC /* Release */,
			);
			defaultConfigurationIsVisible = 0;
			defaultConfigurationName = Release;
		};
/* End XCConfigurationList section */
	};
	rootObject = 27E7EA2022BE46AA008229AC /* Project object */;
}
